// !$*UTF8*$!
{
	archiveVersion = 1;
	classes = {
	};
	objectVersion = 46;
	objects = {

/* Begin PBXBuildFile section */
		11AD61681BF4BC73006BF35F /* main.m in Sources */ = {isa = PBXBuildFile; fileRef = 11AD61671BF4BC73006BF35F /* main.m */; };
		11AD616B1BF4BC73006BF35F /* AppDelegate.m in Sources */ = {isa = PBXBuildFile; fileRef = 11AD616A1BF4BC73006BF35F /* AppDelegate.m */; };
		11AD616E1BF4BC73006BF35F /* ViewController.m in Sources */ = {isa = PBXBuildFile; fileRef = 11AD616D1BF4BC73006BF35F /* ViewController.m */; };
		11AD61711BF4BC73006BF35F /* Main.storyboard in Resources */ = {isa = PBXBuildFile; fileRef = 11AD616F1BF4BC73006BF35F /* Main.storyboard */; };
		11AD61731BF4BC73006BF35F /* Assets.xcassets in Resources */ = {isa = PBXBuildFile; fileRef = 11AD61721BF4BC73006BF35F /* Assets.xcassets */; };
		11AD61761BF4BC73006BF35F /* LaunchScreen.storyboard in Resources */ = {isa = PBXBuildFile; fileRef = 11AD61741BF4BC73006BF35F /* LaunchScreen.storyboard */; };
		11AD61811BF4BC73006BF35F /* DurakUITests.m in Sources */ = {isa = PBXBuildFile; fileRef = 11AD61801BF4BC73006BF35F /* DurakUITests.m */; };
		11AD61C01BF4BCFC006BF35F /* PlayingCardView.m in Sources */ = {isa = PBXBuildFile; fileRef = 11AD61BF1BF4BCFC006BF35F /* PlayingCardView.m */; settings = {ASSET_TAGS = (); }; };
		11AD61CC1BF4BDB3006BF35F /* Card.m in Sources */ = {isa = PBXBuildFile; fileRef = 11AD61C31BF4BDB3006BF35F /* Card.m */; settings = {ASSET_TAGS = (); }; };
		11AD61CE1BF4BDB3006BF35F /* Deck.m in Sources */ = {isa = PBXBuildFile; fileRef = 11AD61C71BF4BDB3006BF35F /* Deck.m */; settings = {ASSET_TAGS = (); }; };
		11AD61CF1BF4BDB3006BF35F /* PlayingCard.m in Sources */ = {isa = PBXBuildFile; fileRef = 11AD61C91BF4BDB3006BF35F /* PlayingCard.m */; settings = {ASSET_TAGS = (); }; };
		11AD61D01BF4BDB3006BF35F /* PlayingCardDeck.m in Sources */ = {isa = PBXBuildFile; fileRef = 11AD61CB1BF4BDB3006BF35F /* PlayingCardDeck.m */; settings = {ASSET_TAGS = (); }; };
		11AD61D31BF4C5BA006BF35F /* DurakGameModel.m in Sources */ = {isa = PBXBuildFile; fileRef = 11AD61D21BF4C5BA006BF35F /* DurakGameModel.m */; settings = {ASSET_TAGS = (); }; };
		11D0E2861BFB756B009EE570 /* 2♠@2x.jpg in Resources */ = {isa = PBXBuildFile; fileRef = 11D0E21B1BFB756B009EE570 /* 2♠@2x.jpg */; settings = {ASSET_TAGS = (); }; };
		11D0E2871BFB756B009EE570 /* 2♠@3x.jpg in Resources */ = {isa = PBXBuildFile; fileRef = 11D0E21C1BFB756B009EE570 /* 2♠@3x.jpg */; settings = {ASSET_TAGS = (); }; };
		11D0E2881BFB756B009EE570 /* 2♣@2x.jpg in Resources */ = {isa = PBXBuildFile; fileRef = 11D0E21D1BFB756B009EE570 /* 2♣@2x.jpg */; settings = {ASSET_TAGS = (); }; };
		11D0E2891BFB756B009EE570 /* 2♣@3x.jpg in Resources */ = {isa = PBXBuildFile; fileRef = 11D0E21E1BFB756B009EE570 /* 2♣@3x.jpg */; settings = {ASSET_TAGS = (); }; };
		11D0E28A1BFB756B009EE570 /* 2♥@2x.jpg in Resources */ = {isa = PBXBuildFile; fileRef = 11D0E21F1BFB756B009EE570 /* 2♥@2x.jpg */; settings = {ASSET_TAGS = (); }; };
		11D0E28B1BFB756B009EE570 /* 2♥@3x.jpg in Resources */ = {isa = PBXBuildFile; fileRef = 11D0E2201BFB756B009EE570 /* 2♥@3x.jpg */; settings = {ASSET_TAGS = (); }; };
		11D0E28C1BFB756B009EE570 /* 2♦@2x.jpg in Resources */ = {isa = PBXBuildFile; fileRef = 11D0E2211BFB756B009EE570 /* 2♦@2x.jpg */; settings = {ASSET_TAGS = (); }; };
		11D0E28D1BFB756B009EE570 /* 2♦@3x.jpg in Resources */ = {isa = PBXBuildFile; fileRef = 11D0E2221BFB756B009EE570 /* 2♦@3x.jpg */; settings = {ASSET_TAGS = (); }; };
		11D0E28E1BFB756B009EE570 /* 3♠@2x.jpg in Resources */ = {isa = PBXBuildFile; fileRef = 11D0E2231BFB756B009EE570 /* 3♠@2x.jpg */; settings = {ASSET_TAGS = (); }; };
		11D0E28F1BFB756B009EE570 /* 3♠@3x.jpg in Resources */ = {isa = PBXBuildFile; fileRef = 11D0E2241BFB756B009EE570 /* 3♠@3x.jpg */; settings = {ASSET_TAGS = (); }; };
		11D0E2901BFB756B009EE570 /* 3♣@2x.jpg in Resources */ = {isa = PBXBuildFile; fileRef = 11D0E2251BFB756B009EE570 /* 3♣@2x.jpg */; settings = {ASSET_TAGS = (); }; };
		11D0E2911BFB756B009EE570 /* 3♣@3x.jpg in Resources */ = {isa = PBXBuildFile; fileRef = 11D0E2261BFB756B009EE570 /* 3♣@3x.jpg */; settings = {ASSET_TAGS = (); }; };
		11D0E2921BFB756B009EE570 /* 3♥@2x.jpg in Resources */ = {isa = PBXBuildFile; fileRef = 11D0E2271BFB756B009EE570 /* 3♥@2x.jpg */; settings = {ASSET_TAGS = (); }; };
		11D0E2931BFB756B009EE570 /* 3♥@3x.jpg in Resources */ = {isa = PBXBuildFile; fileRef = 11D0E2281BFB756B009EE570 /* 3♥@3x.jpg */; settings = {ASSET_TAGS = (); }; };
		11D0E2941BFB756B009EE570 /* 3♦@2x.jpg in Resources */ = {isa = PBXBuildFile; fileRef = 11D0E2291BFB756B009EE570 /* 3♦@2x.jpg */; settings = {ASSET_TAGS = (); }; };
		11D0E2951BFB756B009EE570 /* 3♦@3x.jpg in Resources */ = {isa = PBXBuildFile; fileRef = 11D0E22A1BFB756B009EE570 /* 3♦@3x.jpg */; settings = {ASSET_TAGS = (); }; };
		11D0E2961BFB756B009EE570 /* 4♠@2x.jpg in Resources */ = {isa = PBXBuildFile; fileRef = 11D0E22B1BFB756B009EE570 /* 4♠@2x.jpg */; settings = {ASSET_TAGS = (); }; };
		11D0E2971BFB756B009EE570 /* 4♠@3x.jpg in Resources */ = {isa = PBXBuildFile; fileRef = 11D0E22C1BFB756B009EE570 /* 4♠@3x.jpg */; settings = {ASSET_TAGS = (); }; };
		11D0E2981BFB756B009EE570 /* 4♣@2x.jpg in Resources */ = {isa = PBXBuildFile; fileRef = 11D0E22D1BFB756B009EE570 /* 4♣@2x.jpg */; settings = {ASSET_TAGS = (); }; };
		11D0E2991BFB756B009EE570 /* 4♣@3x.jpg in Resources */ = {isa = PBXBuildFile; fileRef = 11D0E22E1BFB756B009EE570 /* 4♣@3x.jpg */; settings = {ASSET_TAGS = (); }; };
		11D0E29A1BFB756B009EE570 /* 4♥@2x.jpg in Resources */ = {isa = PBXBuildFile; fileRef = 11D0E22F1BFB756B009EE570 /* 4♥@2x.jpg */; settings = {ASSET_TAGS = (); }; };
		11D0E29B1BFB756B009EE570 /* 4♥@3x.jpg in Resources */ = {isa = PBXBuildFile; fileRef = 11D0E2301BFB756B009EE570 /* 4♥@3x.jpg */; settings = {ASSET_TAGS = (); }; };
		11D0E29C1BFB756B009EE570 /* 4♦@2x.jpg in Resources */ = {isa = PBXBuildFile; fileRef = 11D0E2311BFB756B009EE570 /* 4♦@2x.jpg */; settings = {ASSET_TAGS = (); }; };
		11D0E29D1BFB756B009EE570 /* 4♦@3x.jpg in Resources */ = {isa = PBXBuildFile; fileRef = 11D0E2321BFB756B009EE570 /* 4♦@3x.jpg */; settings = {ASSET_TAGS = (); }; };
		11D0E29E1BFB756B009EE570 /* 5♠@2x.jpg in Resources */ = {isa = PBXBuildFile; fileRef = 11D0E2331BFB756B009EE570 /* 5♠@2x.jpg */; settings = {ASSET_TAGS = (); }; };
		11D0E29F1BFB756B009EE570 /* 5♠@3x.jpg in Resources */ = {isa = PBXBuildFile; fileRef = 11D0E2341BFB756B009EE570 /* 5♠@3x.jpg */; settings = {ASSET_TAGS = (); }; };
		11D0E2A01BFB756B009EE570 /* 5♣@2x.jpg in Resources */ = {isa = PBXBuildFile; fileRef = 11D0E2351BFB756B009EE570 /* 5♣@2x.jpg */; settings = {ASSET_TAGS = (); }; };
		11D0E2A11BFB756B009EE570 /* 5♣@3x.jpg in Resources */ = {isa = PBXBuildFile; fileRef = 11D0E2361BFB756B009EE570 /* 5♣@3x.jpg */; settings = {ASSET_TAGS = (); }; };
		11D0E2A21BFB756B009EE570 /* 5♥@2x.jpg in Resources */ = {isa = PBXBuildFile; fileRef = 11D0E2371BFB756B009EE570 /* 5♥@2x.jpg */; settings = {ASSET_TAGS = (); }; };
		11D0E2A31BFB756B009EE570 /* 5♥@3x.jpg in Resources */ = {isa = PBXBuildFile; fileRef = 11D0E2381BFB756B009EE570 /* 5♥@3x.jpg */; settings = {ASSET_TAGS = (); }; };
		11D0E2A41BFB756B009EE570 /* 5♦@2x.jpg in Resources */ = {isa = PBXBuildFile; fileRef = 11D0E2391BFB756B009EE570 /* 5♦@2x.jpg */; settings = {ASSET_TAGS = (); }; };
		11D0E2A51BFB756B009EE570 /* 5♦@3x.jpg in Resources */ = {isa = PBXBuildFile; fileRef = 11D0E23A1BFB756B009EE570 /* 5♦@3x.jpg */; settings = {ASSET_TAGS = (); }; };
		11D0E2A61BFB756B009EE570 /* 6♠@2x.jpg in Resources */ = {isa = PBXBuildFile; fileRef = 11D0E23B1BFB756B009EE570 /* 6♠@2x.jpg */; settings = {ASSET_TAGS = (); }; };
		11D0E2A71BFB756B009EE570 /* 6♠@3x.jpg in Resources */ = {isa = PBXBuildFile; fileRef = 11D0E23C1BFB756B009EE570 /* 6♠@3x.jpg */; settings = {ASSET_TAGS = (); }; };
		11D0E2A81BFB756B009EE570 /* 6♣@2x.jpg in Resources */ = {isa = PBXBuildFile; fileRef = 11D0E23D1BFB756B009EE570 /* 6♣@2x.jpg */; settings = {ASSET_TAGS = (); }; };
		11D0E2A91BFB756B009EE570 /* 6♣@3x.jpg in Resources */ = {isa = PBXBuildFile; fileRef = 11D0E23E1BFB756B009EE570 /* 6♣@3x.jpg */; settings = {ASSET_TAGS = (); }; };
		11D0E2AA1BFB756B009EE570 /* 6♥@2x.jpg in Resources */ = {isa = PBXBuildFile; fileRef = 11D0E23F1BFB756B009EE570 /* 6♥@2x.jpg */; settings = {ASSET_TAGS = (); }; };
		11D0E2AB1BFB756B009EE570 /* 6♥@3x.jpg in Resources */ = {isa = PBXBuildFile; fileRef = 11D0E2401BFB756B009EE570 /* 6♥@3x.jpg */; settings = {ASSET_TAGS = (); }; };
		11D0E2AC1BFB756B009EE570 /* 6♦@2x.jpg in Resources */ = {isa = PBXBuildFile; fileRef = 11D0E2411BFB756B009EE570 /* 6♦@2x.jpg */; settings = {ASSET_TAGS = (); }; };
		11D0E2AD1BFB756B009EE570 /* 6♦@3x.jpg in Resources */ = {isa = PBXBuildFile; fileRef = 11D0E2421BFB756B009EE570 /* 6♦@3x.jpg */; settings = {ASSET_TAGS = (); }; };
		11D0E2AE1BFB756B009EE570 /* 7♠@2x.jpg in Resources */ = {isa = PBXBuildFile; fileRef = 11D0E2431BFB756B009EE570 /* 7♠@2x.jpg */; settings = {ASSET_TAGS = (); }; };
		11D0E2AF1BFB756B009EE570 /* 7♠@3x.jpg in Resources */ = {isa = PBXBuildFile; fileRef = 11D0E2441BFB756B009EE570 /* 7♠@3x.jpg */; settings = {ASSET_TAGS = (); }; };
		11D0E2B01BFB756B009EE570 /* 7♣@2x.jpg in Resources */ = {isa = PBXBuildFile; fileRef = 11D0E2451BFB756B009EE570 /* 7♣@2x.jpg */; settings = {ASSET_TAGS = (); }; };
		11D0E2B11BFB756B009EE570 /* 7♣@3x.jpg in Resources */ = {isa = PBXBuildFile; fileRef = 11D0E2461BFB756B009EE570 /* 7♣@3x.jpg */; settings = {ASSET_TAGS = (); }; };
		11D0E2B21BFB756B009EE570 /* 7♥@2x.jpg in Resources */ = {isa = PBXBuildFile; fileRef = 11D0E2471BFB756B009EE570 /* 7♥@2x.jpg */; settings = {ASSET_TAGS = (); }; };
		11D0E2B31BFB756B009EE570 /* 7♥@3x.jpg in Resources */ = {isa = PBXBuildFile; fileRef = 11D0E2481BFB756B009EE570 /* 7♥@3x.jpg */; settings = {ASSET_TAGS = (); }; };
		11D0E2B41BFB756B009EE570 /* 7♦@2x.jpg in Resources */ = {isa = PBXBuildFile; fileRef = 11D0E2491BFB756B009EE570 /* 7♦@2x.jpg */; settings = {ASSET_TAGS = (); }; };
		11D0E2B51BFB756B009EE570 /* 7♦@3x.jpg in Resources */ = {isa = PBXBuildFile; fileRef = 11D0E24A1BFB756B009EE570 /* 7♦@3x.jpg */; settings = {ASSET_TAGS = (); }; };
		11D0E2B61BFB756B009EE570 /* 8♠@2x.jpg in Resources */ = {isa = PBXBuildFile; fileRef = 11D0E24B1BFB756B009EE570 /* 8♠@2x.jpg */; settings = {ASSET_TAGS = (); }; };
		11D0E2B71BFB756B009EE570 /* 8♠@3x.jpg in Resources */ = {isa = PBXBuildFile; fileRef = 11D0E24C1BFB756B009EE570 /* 8♠@3x.jpg */; settings = {ASSET_TAGS = (); }; };
		11D0E2B81BFB756B009EE570 /* 8♣@2x.jpg in Resources */ = {isa = PBXBuildFile; fileRef = 11D0E24D1BFB756B009EE570 /* 8♣@2x.jpg */; settings = {ASSET_TAGS = (); }; };
		11D0E2B91BFB756B009EE570 /* 8♣@3x.jpg in Resources */ = {isa = PBXBuildFile; fileRef = 11D0E24E1BFB756B009EE570 /* 8♣@3x.jpg */; settings = {ASSET_TAGS = (); }; };
		11D0E2BA1BFB756B009EE570 /* 8♥@2x.jpg in Resources */ = {isa = PBXBuildFile; fileRef = 11D0E24F1BFB756B009EE570 /* 8♥@2x.jpg */; settings = {ASSET_TAGS = (); }; };
		11D0E2BB1BFB756B009EE570 /* 8♥@3x.jpg in Resources */ = {isa = PBXBuildFile; fileRef = 11D0E2501BFB756B009EE570 /* 8♥@3x.jpg */; settings = {ASSET_TAGS = (); }; };
		11D0E2BC1BFB756B009EE570 /* 8♦@2x.jpg in Resources */ = {isa = PBXBuildFile; fileRef = 11D0E2511BFB756B009EE570 /* 8♦@2x.jpg */; settings = {ASSET_TAGS = (); }; };
		11D0E2BD1BFB756B009EE570 /* 8♦@3x.jpg in Resources */ = {isa = PBXBuildFile; fileRef = 11D0E2521BFB756B009EE570 /* 8♦@3x.jpg */; settings = {ASSET_TAGS = (); }; };
		11D0E2BE1BFB756B009EE570 /* 9♠@2x.jpg in Resources */ = {isa = PBXBuildFile; fileRef = 11D0E2531BFB756B009EE570 /* 9♠@2x.jpg */; settings = {ASSET_TAGS = (); }; };
		11D0E2BF1BFB756B009EE570 /* 9♠@3x.jpg in Resources */ = {isa = PBXBuildFile; fileRef = 11D0E2541BFB756B009EE570 /* 9♠@3x.jpg */; settings = {ASSET_TAGS = (); }; };
		11D0E2C01BFB756B009EE570 /* 9♣@2x.jpg in Resources */ = {isa = PBXBuildFile; fileRef = 11D0E2551BFB756B009EE570 /* 9♣@2x.jpg */; settings = {ASSET_TAGS = (); }; };
		11D0E2C11BFB756B009EE570 /* 9♣@3x.jpg in Resources */ = {isa = PBXBuildFile; fileRef = 11D0E2561BFB756B009EE570 /* 9♣@3x.jpg */; settings = {ASSET_TAGS = (); }; };
		11D0E2C21BFB756B009EE570 /* 9♥@2x.jpg in Resources */ = {isa = PBXBuildFile; fileRef = 11D0E2571BFB756B009EE570 /* 9♥@2x.jpg */; settings = {ASSET_TAGS = (); }; };
		11D0E2C31BFB756B009EE570 /* 9♥@3x.jpg in Resources */ = {isa = PBXBuildFile; fileRef = 11D0E2581BFB756B009EE570 /* 9♥@3x.jpg */; settings = {ASSET_TAGS = (); }; };
		11D0E2C41BFB756B009EE570 /* 9♦@2x.jpg in Resources */ = {isa = PBXBuildFile; fileRef = 11D0E2591BFB756B009EE570 /* 9♦@2x.jpg */; settings = {ASSET_TAGS = (); }; };
		11D0E2C51BFB756B009EE570 /* 9♦@3x.jpg in Resources */ = {isa = PBXBuildFile; fileRef = 11D0E25A1BFB756B009EE570 /* 9♦@3x.jpg */; settings = {ASSET_TAGS = (); }; };
		11D0E2C61BFB756B009EE570 /* 10♠@2x.jpg in Resources */ = {isa = PBXBuildFile; fileRef = 11D0E25B1BFB756B009EE570 /* 10♠@2x.jpg */; settings = {ASSET_TAGS = (); }; };
		11D0E2C71BFB756B009EE570 /* 10♠@3x.jpg in Resources */ = {isa = PBXBuildFile; fileRef = 11D0E25C1BFB756B009EE570 /* 10♠@3x.jpg */; settings = {ASSET_TAGS = (); }; };
		11D0E2C81BFB756B009EE570 /* 10♣@2x.jpg in Resources */ = {isa = PBXBuildFile; fileRef = 11D0E25D1BFB756B009EE570 /* 10♣@2x.jpg */; settings = {ASSET_TAGS = (); }; };
		11D0E2C91BFB756B009EE570 /* 10♣@3x.jpg in Resources */ = {isa = PBXBuildFile; fileRef = 11D0E25E1BFB756B009EE570 /* 10♣@3x.jpg */; settings = {ASSET_TAGS = (); }; };
		11D0E2CA1BFB756B009EE570 /* 10♥@2x.jpg in Resources */ = {isa = PBXBuildFile; fileRef = 11D0E25F1BFB756B009EE570 /* 10♥@2x.jpg */; settings = {ASSET_TAGS = (); }; };
		11D0E2CB1BFB756B009EE570 /* 10♥@3x.jpg in Resources */ = {isa = PBXBuildFile; fileRef = 11D0E2601BFB756B009EE570 /* 10♥@3x.jpg */; settings = {ASSET_TAGS = (); }; };
		11D0E2CC1BFB756B009EE570 /* 10♦@2x.jpg in Resources */ = {isa = PBXBuildFile; fileRef = 11D0E2611BFB756B009EE570 /* 10♦@2x.jpg */; settings = {ASSET_TAGS = (); }; };
		11D0E2CD1BFB756B009EE570 /* 10♦@3x.jpg in Resources */ = {isa = PBXBuildFile; fileRef = 11D0E2621BFB756B009EE570 /* 10♦@3x.jpg */; settings = {ASSET_TAGS = (); }; };
		11D0E2CE1BFB756B009EE570 /* A♠@2x.jpg in Resources */ = {isa = PBXBuildFile; fileRef = 11D0E2631BFB756B009EE570 /* A♠@2x.jpg */; settings = {ASSET_TAGS = (); }; };
		11D0E2CF1BFB756B009EE570 /* A♠@3x.jpg in Resources */ = {isa = PBXBuildFile; fileRef = 11D0E2641BFB756B009EE570 /* A♠@3x.jpg */; settings = {ASSET_TAGS = (); }; };
		11D0E2D01BFB756B009EE570 /* A♣@2x.jpg in Resources */ = {isa = PBXBuildFile; fileRef = 11D0E2651BFB756B009EE570 /* A♣@2x.jpg */; settings = {ASSET_TAGS = (); }; };
		11D0E2D11BFB756B009EE570 /* A♣@3x.jpg in Resources */ = {isa = PBXBuildFile; fileRef = 11D0E2661BFB756B009EE570 /* A♣@3x.jpg */; settings = {ASSET_TAGS = (); }; };
		11D0E2D21BFB756B009EE570 /* A♥@2x.jpg in Resources */ = {isa = PBXBuildFile; fileRef = 11D0E2671BFB756B009EE570 /* A♥@2x.jpg */; settings = {ASSET_TAGS = (); }; };
		11D0E2D31BFB756B009EE570 /* A♥@3x.jpg in Resources */ = {isa = PBXBuildFile; fileRef = 11D0E2681BFB756B009EE570 /* A♥@3x.jpg */; settings = {ASSET_TAGS = (); }; };
		11D0E2D41BFB756B009EE570 /* A♦@2x.jpg in Resources */ = {isa = PBXBuildFile; fileRef = 11D0E2691BFB756B009EE570 /* A♦@2x.jpg */; settings = {ASSET_TAGS = (); }; };
		11D0E2D51BFB756B009EE570 /* A♦@3x.jpg in Resources */ = {isa = PBXBuildFile; fileRef = 11D0E26A1BFB756B009EE570 /* A♦@3x.jpg */; settings = {ASSET_TAGS = (); }; };
		11D0E2D61BFB756B009EE570 /* cardback@2x.png in Resources */ = {isa = PBXBuildFile; fileRef = 11D0E26B1BFB756B009EE570 /* cardback@2x.png */; settings = {ASSET_TAGS = (); }; };
		11D0E2D71BFB756B009EE570 /* cardback@3x.png in Resources */ = {isa = PBXBuildFile; fileRef = 11D0E26C1BFB756B009EE570 /* cardback@3x.png */; settings = {ASSET_TAGS = (); }; };
		11D0E2D81BFB756B009EE570 /* J♠@2x.jpg in Resources */ = {isa = PBXBuildFile; fileRef = 11D0E26D1BFB756B009EE570 /* J♠@2x.jpg */; settings = {ASSET_TAGS = (); }; };
		11D0E2D91BFB756B009EE570 /* J♠@3x.jpg in Resources */ = {isa = PBXBuildFile; fileRef = 11D0E26E1BFB756B009EE570 /* J♠@3x.jpg */; settings = {ASSET_TAGS = (); }; };
		11D0E2DA1BFB756B009EE570 /* J♣@2x.jpg in Resources */ = {isa = PBXBuildFile; fileRef = 11D0E26F1BFB756B009EE570 /* J♣@2x.jpg */; settings = {ASSET_TAGS = (); }; };
		11D0E2DB1BFB756B009EE570 /* J♣@3x.jpg in Resources */ = {isa = PBXBuildFile; fileRef = 11D0E2701BFB756B009EE570 /* J♣@3x.jpg */; settings = {ASSET_TAGS = (); }; };
		11D0E2DC1BFB756B009EE570 /* J♥@2x.jpg in Resources */ = {isa = PBXBuildFile; fileRef = 11D0E2711BFB756B009EE570 /* J♥@2x.jpg */; settings = {ASSET_TAGS = (); }; };
		11D0E2DD1BFB756B009EE570 /* J♥@3x.jpg in Resources */ = {isa = PBXBuildFile; fileRef = 11D0E2721BFB756B009EE570 /* J♥@3x.jpg */; settings = {ASSET_TAGS = (); }; };
		11D0E2DE1BFB756B009EE570 /* J♦@2x.jpg in Resources */ = {isa = PBXBuildFile; fileRef = 11D0E2731BFB756B009EE570 /* J♦@2x.jpg */; settings = {ASSET_TAGS = (); }; };
		11D0E2DF1BFB756B009EE570 /* J♦@3x.jpg in Resources */ = {isa = PBXBuildFile; fileRef = 11D0E2741BFB756B009EE570 /* J♦@3x.jpg */; settings = {ASSET_TAGS = (); }; };
		11D0E2E01BFB756B009EE570 /* K♠@2x.jpg in Resources */ = {isa = PBXBuildFile; fileRef = 11D0E2751BFB756B009EE570 /* K♠@2x.jpg */; settings = {ASSET_TAGS = (); }; };
		11D0E2E11BFB756B009EE570 /* K♠@3x.jpg in Resources */ = {isa = PBXBuildFile; fileRef = 11D0E2761BFB756B009EE570 /* K♠@3x.jpg */; settings = {ASSET_TAGS = (); }; };
		11D0E2E21BFB756B009EE570 /* K♣@2x.jpg in Resources */ = {isa = PBXBuildFile; fileRef = 11D0E2771BFB756B009EE570 /* K♣@2x.jpg */; settings = {ASSET_TAGS = (); }; };
		11D0E2E31BFB756B009EE570 /* K♣@3x.jpg in Resources */ = {isa = PBXBuildFile; fileRef = 11D0E2781BFB756B009EE570 /* K♣@3x.jpg */; settings = {ASSET_TAGS = (); }; };
		11D0E2E41BFB756B009EE570 /* K♥@2x.jpg in Resources */ = {isa = PBXBuildFile; fileRef = 11D0E2791BFB756B009EE570 /* K♥@2x.jpg */; settings = {ASSET_TAGS = (); }; };
		11D0E2E51BFB756B009EE570 /* K♥@3x.jpg in Resources */ = {isa = PBXBuildFile; fileRef = 11D0E27A1BFB756B009EE570 /* K♥@3x.jpg */; settings = {ASSET_TAGS = (); }; };
		11D0E2E61BFB756B009EE570 /* K♦@2x.jpg in Resources */ = {isa = PBXBuildFile; fileRef = 11D0E27B1BFB756B009EE570 /* K♦@2x.jpg */; settings = {ASSET_TAGS = (); }; };
		11D0E2E71BFB756B009EE570 /* K♦@3x.jpg in Resources */ = {isa = PBXBuildFile; fileRef = 11D0E27C1BFB756B009EE570 /* K♦@3x.jpg */; settings = {ASSET_TAGS = (); }; };
		11D0E2E81BFB756B009EE570 /* Q♠@2x.jpg in Resources */ = {isa = PBXBuildFile; fileRef = 11D0E27D1BFB756B009EE570 /* Q♠@2x.jpg */; settings = {ASSET_TAGS = (); }; };
		11D0E2E91BFB756B009EE570 /* Q♠@3x.jpg in Resources */ = {isa = PBXBuildFile; fileRef = 11D0E27E1BFB756B009EE570 /* Q♠@3x.jpg */; settings = {ASSET_TAGS = (); }; };
		11D0E2EA1BFB756B009EE570 /* Q♣@2x.jpg in Resources */ = {isa = PBXBuildFile; fileRef = 11D0E27F1BFB756B009EE570 /* Q♣@2x.jpg */; settings = {ASSET_TAGS = (); }; };
		11D0E2EB1BFB756B009EE570 /* Q♣@3x.jpg in Resources */ = {isa = PBXBuildFile; fileRef = 11D0E2801BFB756B009EE570 /* Q♣@3x.jpg */; settings = {ASSET_TAGS = (); }; };
		11D0E2EC1BFB756B009EE570 /* Q♥@2x.jpg in Resources */ = {isa = PBXBuildFile; fileRef = 11D0E2811BFB756B009EE570 /* Q♥@2x.jpg */; settings = {ASSET_TAGS = (); }; };
		11D0E2ED1BFB756B009EE570 /* Q♥@3x.jpg in Resources */ = {isa = PBXBuildFile; fileRef = 11D0E2821BFB756B009EE570 /* Q♥@3x.jpg */; settings = {ASSET_TAGS = (); }; };
		11D0E2EE1BFB756B009EE570 /* Q♦@2x.jpg in Resources */ = {isa = PBXBuildFile; fileRef = 11D0E2831BFB756B009EE570 /* Q♦@2x.jpg */; settings = {ASSET_TAGS = (); }; };
		11D0E2EF1BFB756B009EE570 /* Q♦@3x.jpg in Resources */ = {isa = PBXBuildFile; fileRef = 11D0E2841BFB756B009EE570 /* Q♦@3x.jpg */; settings = {ASSET_TAGS = (); }; };
		11D79F5B1BF64E78005C4F7E /* SettingsViewController.m in Sources */ = {isa = PBXBuildFile; fileRef = 11D79F5A1BF64E78005C4F7E /* SettingsViewController.m */; settings = {ASSET_TAGS = (); }; };
		CE3D731E1BFD24F300DDF020 /* CoreGraphics.framework in Frameworks */ = {isa = PBXBuildFile; fileRef = CE3D731D1BFD24F300DDF020 /* CoreGraphics.framework */; };
		CE3D73231BFD417300DDF020 /* Common.m in Sources */ = {isa = PBXBuildFile; fileRef = CE3D73201BFD417300DDF020 /* Common.m */; settings = {ASSET_TAGS = (); }; };
		CE3D73241BFD417300DDF020 /* CoolButton.m in Sources */ = {isa = PBXBuildFile; fileRef = CE3D73221BFD417300DDF020 /* CoolButton.m */; settings = {ASSET_TAGS = (); }; };
		CE3D73261BFD4F7300DDF020 /* bg.png in Resources */ = {isa = PBXBuildFile; fileRef = CE3D73251BFD4F7300DDF020 /* bg.png */; settings = {ASSET_TAGS = (); }; };
		CE3D732D1BFF6BBE00DDF020 /* StoreKit.framework in Frameworks */ = {isa = PBXBuildFile; fileRef = CE3D732C1BFF6BBE00DDF020 /* StoreKit.framework */; };
		CE9638AE1BFC8D3E004BE13C /* UIImage+ImageEffects.m in Sources */ = {isa = PBXBuildFile; fileRef = CE9638AD1BFC8D3E004BE13C /* UIImage+ImageEffects.m */; settings = {ASSET_TAGS = (); }; };
		CE9638B31BFC9D56004BE13C /* cardtableimage.jpg in Resources */ = {isa = PBXBuildFile; fileRef = CE9638B21BFC9D56004BE13C /* cardtableimage.jpg */; settings = {ASSET_TAGS = (); }; };
		CEC1C0541BFB777B00B6193B /* iAd.framework in Frameworks */ = {isa = PBXBuildFile; fileRef = CEC1C0531BFB777A00B6193B /* iAd.framework */; };
/* End PBXBuildFile section */

/* Begin PBXContainerItemProxy section */
		11AD617D1BF4BC73006BF35F /* PBXContainerItemProxy */ = {
			isa = PBXContainerItemProxy;
			containerPortal = 11AD615B1BF4BC73006BF35F /* Project object */;
			proxyType = 1;
			remoteGlobalIDString = 11AD61621BF4BC73006BF35F;
			remoteInfo = Durak;
		};
/* End PBXContainerItemProxy section */

/* Begin PBXFileReference section */
		11AD61631BF4BC73006BF35F /* Durak.app */ = {isa = PBXFileReference; explicitFileType = wrapper.application; includeInIndex = 0; path = Durak.app; sourceTree = BUILT_PRODUCTS_DIR; };
		11AD61671BF4BC73006BF35F /* main.m */ = {isa = PBXFileReference; lastKnownFileType = sourcecode.c.objc; path = main.m; sourceTree = "<group>"; };
		11AD61691BF4BC73006BF35F /* AppDelegate.h */ = {isa = PBXFileReference; lastKnownFileType = sourcecode.c.h; path = AppDelegate.h; sourceTree = "<group>"; };
		11AD616A1BF4BC73006BF35F /* AppDelegate.m */ = {isa = PBXFileReference; lastKnownFileType = sourcecode.c.objc; path = AppDelegate.m; sourceTree = "<group>"; };
		11AD616C1BF4BC73006BF35F /* ViewController.h */ = {isa = PBXFileReference; lastKnownFileType = sourcecode.c.h; path = ViewController.h; sourceTree = "<group>"; };
		11AD616D1BF4BC73006BF35F /* ViewController.m */ = {isa = PBXFileReference; lastKnownFileType = sourcecode.c.objc; path = ViewController.m; sourceTree = "<group>"; };
		11AD61701BF4BC73006BF35F /* Base */ = {isa = PBXFileReference; lastKnownFileType = file.storyboard; name = Base; path = Base.lproj/Main.storyboard; sourceTree = "<group>"; };
		11AD61721BF4BC73006BF35F /* Assets.xcassets */ = {isa = PBXFileReference; lastKnownFileType = folder.assetcatalog; path = Assets.xcassets; sourceTree = "<group>"; };
		11AD61751BF4BC73006BF35F /* Base */ = {isa = PBXFileReference; lastKnownFileType = file.storyboard; name = Base; path = Base.lproj/LaunchScreen.storyboard; sourceTree = "<group>"; };
		11AD61771BF4BC73006BF35F /* Info.plist */ = {isa = PBXFileReference; lastKnownFileType = text.plist.xml; path = Info.plist; sourceTree = "<group>"; };
		11AD617C1BF4BC73006BF35F /* DurakUITests.xctest */ = {isa = PBXFileReference; explicitFileType = wrapper.cfbundle; includeInIndex = 0; path = DurakUITests.xctest; sourceTree = BUILT_PRODUCTS_DIR; };
		11AD61801BF4BC73006BF35F /* DurakUITests.m */ = {isa = PBXFileReference; lastKnownFileType = sourcecode.c.objc; path = DurakUITests.m; sourceTree = "<group>"; };
		11AD61821BF4BC73006BF35F /* Info.plist */ = {isa = PBXFileReference; lastKnownFileType = text.plist.xml; path = Info.plist; sourceTree = "<group>"; };
		11AD61BE1BF4BCFC006BF35F /* PlayingCardView.h */ = {isa = PBXFileReference; fileEncoding = 4; lastKnownFileType = sourcecode.c.h; path = PlayingCardView.h; sourceTree = "<group>"; };
		11AD61BF1BF4BCFC006BF35F /* PlayingCardView.m */ = {isa = PBXFileReference; fileEncoding = 4; lastKnownFileType = sourcecode.c.objc; path = PlayingCardView.m; sourceTree = "<group>"; };
		11AD61C21BF4BDB3006BF35F /* Card.h */ = {isa = PBXFileReference; fileEncoding = 4; lastKnownFileType = sourcecode.c.h; path = Card.h; sourceTree = "<group>"; };
		11AD61C31BF4BDB3006BF35F /* Card.m */ = {isa = PBXFileReference; fileEncoding = 4; lastKnownFileType = sourcecode.c.objc; path = Card.m; sourceTree = "<group>"; };
		11AD61C61BF4BDB3006BF35F /* Deck.h */ = {isa = PBXFileReference; fileEncoding = 4; lastKnownFileType = sourcecode.c.h; path = Deck.h; sourceTree = "<group>"; };
		11AD61C71BF4BDB3006BF35F /* Deck.m */ = {isa = PBXFileReference; fileEncoding = 4; lastKnownFileType = sourcecode.c.objc; path = Deck.m; sourceTree = "<group>"; };
		11AD61C81BF4BDB3006BF35F /* PlayingCard.h */ = {isa = PBXFileReference; fileEncoding = 4; lastKnownFileType = sourcecode.c.h; path = PlayingCard.h; sourceTree = "<group>"; };
		11AD61C91BF4BDB3006BF35F /* PlayingCard.m */ = {isa = PBXFileReference; fileEncoding = 4; lastKnownFileType = sourcecode.c.objc; path = PlayingCard.m; sourceTree = "<group>"; };
		11AD61CA1BF4BDB3006BF35F /* PlayingCardDeck.h */ = {isa = PBXFileReference; fileEncoding = 4; lastKnownFileType = sourcecode.c.h; path = PlayingCardDeck.h; sourceTree = "<group>"; };
		11AD61CB1BF4BDB3006BF35F /* PlayingCardDeck.m */ = {isa = PBXFileReference; fileEncoding = 4; lastKnownFileType = sourcecode.c.objc; path = PlayingCardDeck.m; sourceTree = "<group>"; };
		11AD61D11BF4C5BA006BF35F /* DurakGameModel.h */ = {isa = PBXFileReference; fileEncoding = 4; lastKnownFileType = sourcecode.c.h; path = DurakGameModel.h; sourceTree = "<group>"; };
		11AD61D21BF4C5BA006BF35F /* DurakGameModel.m */ = {isa = PBXFileReference; fileEncoding = 4; lastKnownFileType = sourcecode.c.objc; path = DurakGameModel.m; sourceTree = "<group>"; };
		11D0E21B1BFB756B009EE570 /* 2♠@2x.jpg */ = {isa = PBXFileReference; lastKnownFileType = image.jpeg; path = "2♠@2x.jpg"; sourceTree = "<group>"; };
		11D0E21C1BFB756B009EE570 /* 2♠@3x.jpg */ = {isa = PBXFileReference; lastKnownFileType = image.jpeg; path = "2♠@3x.jpg"; sourceTree = "<group>"; };
		11D0E21D1BFB756B009EE570 /* 2♣@2x.jpg */ = {isa = PBXFileReference; lastKnownFileType = image.jpeg; path = "2♣@2x.jpg"; sourceTree = "<group>"; };
		11D0E21E1BFB756B009EE570 /* 2♣@3x.jpg */ = {isa = PBXFileReference; lastKnownFileType = image.jpeg; path = "2♣@3x.jpg"; sourceTree = "<group>"; };
		11D0E21F1BFB756B009EE570 /* 2♥@2x.jpg */ = {isa = PBXFileReference; lastKnownFileType = image.jpeg; path = "2♥@2x.jpg"; sourceTree = "<group>"; };
		11D0E2201BFB756B009EE570 /* 2♥@3x.jpg */ = {isa = PBXFileReference; lastKnownFileType = image.jpeg; path = "2♥@3x.jpg"; sourceTree = "<group>"; };
		11D0E2211BFB756B009EE570 /* 2♦@2x.jpg */ = {isa = PBXFileReference; lastKnownFileType = image.jpeg; path = "2♦@2x.jpg"; sourceTree = "<group>"; };
		11D0E2221BFB756B009EE570 /* 2♦@3x.jpg */ = {isa = PBXFileReference; lastKnownFileType = image.jpeg; path = "2♦@3x.jpg"; sourceTree = "<group>"; };
		11D0E2231BFB756B009EE570 /* 3♠@2x.jpg */ = {isa = PBXFileReference; lastKnownFileType = image.jpeg; path = "3♠@2x.jpg"; sourceTree = "<group>"; };
		11D0E2241BFB756B009EE570 /* 3♠@3x.jpg */ = {isa = PBXFileReference; lastKnownFileType = image.jpeg; path = "3♠@3x.jpg"; sourceTree = "<group>"; };
		11D0E2251BFB756B009EE570 /* 3♣@2x.jpg */ = {isa = PBXFileReference; lastKnownFileType = image.jpeg; path = "3♣@2x.jpg"; sourceTree = "<group>"; };
		11D0E2261BFB756B009EE570 /* 3♣@3x.jpg */ = {isa = PBXFileReference; lastKnownFileType = image.jpeg; path = "3♣@3x.jpg"; sourceTree = "<group>"; };
		11D0E2271BFB756B009EE570 /* 3♥@2x.jpg */ = {isa = PBXFileReference; lastKnownFileType = image.jpeg; path = "3♥@2x.jpg"; sourceTree = "<group>"; };
		11D0E2281BFB756B009EE570 /* 3♥@3x.jpg */ = {isa = PBXFileReference; lastKnownFileType = image.jpeg; path = "3♥@3x.jpg"; sourceTree = "<group>"; };
		11D0E2291BFB756B009EE570 /* 3♦@2x.jpg */ = {isa = PBXFileReference; lastKnownFileType = image.jpeg; path = "3♦@2x.jpg"; sourceTree = "<group>"; };
		11D0E22A1BFB756B009EE570 /* 3♦@3x.jpg */ = {isa = PBXFileReference; lastKnownFileType = image.jpeg; path = "3♦@3x.jpg"; sourceTree = "<group>"; };
		11D0E22B1BFB756B009EE570 /* 4♠@2x.jpg */ = {isa = PBXFileReference; lastKnownFileType = image.jpeg; path = "4♠@2x.jpg"; sourceTree = "<group>"; };
		11D0E22C1BFB756B009EE570 /* 4♠@3x.jpg */ = {isa = PBXFileReference; lastKnownFileType = image.jpeg; path = "4♠@3x.jpg"; sourceTree = "<group>"; };
		11D0E22D1BFB756B009EE570 /* 4♣@2x.jpg */ = {isa = PBXFileReference; lastKnownFileType = image.jpeg; path = "4♣@2x.jpg"; sourceTree = "<group>"; };
		11D0E22E1BFB756B009EE570 /* 4♣@3x.jpg */ = {isa = PBXFileReference; lastKnownFileType = image.jpeg; path = "4♣@3x.jpg"; sourceTree = "<group>"; };
		11D0E22F1BFB756B009EE570 /* 4♥@2x.jpg */ = {isa = PBXFileReference; lastKnownFileType = image.jpeg; path = "4♥@2x.jpg"; sourceTree = "<group>"; };
		11D0E2301BFB756B009EE570 /* 4♥@3x.jpg */ = {isa = PBXFileReference; lastKnownFileType = image.jpeg; path = "4♥@3x.jpg"; sourceTree = "<group>"; };
		11D0E2311BFB756B009EE570 /* 4♦@2x.jpg */ = {isa = PBXFileReference; lastKnownFileType = image.jpeg; path = "4♦@2x.jpg"; sourceTree = "<group>"; };
		11D0E2321BFB756B009EE570 /* 4♦@3x.jpg */ = {isa = PBXFileReference; lastKnownFileType = image.jpeg; path = "4♦@3x.jpg"; sourceTree = "<group>"; };
		11D0E2331BFB756B009EE570 /* 5♠@2x.jpg */ = {isa = PBXFileReference; lastKnownFileType = image.jpeg; path = "5♠@2x.jpg"; sourceTree = "<group>"; };
		11D0E2341BFB756B009EE570 /* 5♠@3x.jpg */ = {isa = PBXFileReference; lastKnownFileType = image.jpeg; path = "5♠@3x.jpg"; sourceTree = "<group>"; };
		11D0E2351BFB756B009EE570 /* 5♣@2x.jpg */ = {isa = PBXFileReference; lastKnownFileType = image.jpeg; path = "5♣@2x.jpg"; sourceTree = "<group>"; };
		11D0E2361BFB756B009EE570 /* 5♣@3x.jpg */ = {isa = PBXFileReference; lastKnownFileType = image.jpeg; path = "5♣@3x.jpg"; sourceTree = "<group>"; };
		11D0E2371BFB756B009EE570 /* 5♥@2x.jpg */ = {isa = PBXFileReference; lastKnownFileType = image.jpeg; path = "5♥@2x.jpg"; sourceTree = "<group>"; };
		11D0E2381BFB756B009EE570 /* 5♥@3x.jpg */ = {isa = PBXFileReference; lastKnownFileType = image.jpeg; path = "5♥@3x.jpg"; sourceTree = "<group>"; };
		11D0E2391BFB756B009EE570 /* 5♦@2x.jpg */ = {isa = PBXFileReference; lastKnownFileType = image.jpeg; path = "5♦@2x.jpg"; sourceTree = "<group>"; };
		11D0E23A1BFB756B009EE570 /* 5♦@3x.jpg */ = {isa = PBXFileReference; lastKnownFileType = image.jpeg; path = "5♦@3x.jpg"; sourceTree = "<group>"; };
		11D0E23B1BFB756B009EE570 /* 6♠@2x.jpg */ = {isa = PBXFileReference; lastKnownFileType = image.jpeg; path = "6♠@2x.jpg"; sourceTree = "<group>"; };
		11D0E23C1BFB756B009EE570 /* 6♠@3x.jpg */ = {isa = PBXFileReference; lastKnownFileType = image.jpeg; path = "6♠@3x.jpg"; sourceTree = "<group>"; };
		11D0E23D1BFB756B009EE570 /* 6♣@2x.jpg */ = {isa = PBXFileReference; lastKnownFileType = image.jpeg; path = "6♣@2x.jpg"; sourceTree = "<group>"; };
		11D0E23E1BFB756B009EE570 /* 6♣@3x.jpg */ = {isa = PBXFileReference; lastKnownFileType = image.jpeg; path = "6♣@3x.jpg"; sourceTree = "<group>"; };
		11D0E23F1BFB756B009EE570 /* 6♥@2x.jpg */ = {isa = PBXFileReference; lastKnownFileType = image.jpeg; path = "6♥@2x.jpg"; sourceTree = "<group>"; };
		11D0E2401BFB756B009EE570 /* 6♥@3x.jpg */ = {isa = PBXFileReference; lastKnownFileType = image.jpeg; path = "6♥@3x.jpg"; sourceTree = "<group>"; };
		11D0E2411BFB756B009EE570 /* 6♦@2x.jpg */ = {isa = PBXFileReference; lastKnownFileType = image.jpeg; path = "6♦@2x.jpg"; sourceTree = "<group>"; };
		11D0E2421BFB756B009EE570 /* 6♦@3x.jpg */ = {isa = PBXFileReference; lastKnownFileType = image.jpeg; path = "6♦@3x.jpg"; sourceTree = "<group>"; };
		11D0E2431BFB756B009EE570 /* 7♠@2x.jpg */ = {isa = PBXFileReference; lastKnownFileType = image.jpeg; path = "7♠@2x.jpg"; sourceTree = "<group>"; };
		11D0E2441BFB756B009EE570 /* 7♠@3x.jpg */ = {isa = PBXFileReference; lastKnownFileType = image.jpeg; path = "7♠@3x.jpg"; sourceTree = "<group>"; };
		11D0E2451BFB756B009EE570 /* 7♣@2x.jpg */ = {isa = PBXFileReference; lastKnownFileType = image.jpeg; path = "7♣@2x.jpg"; sourceTree = "<group>"; };
		11D0E2461BFB756B009EE570 /* 7♣@3x.jpg */ = {isa = PBXFileReference; lastKnownFileType = image.jpeg; path = "7♣@3x.jpg"; sourceTree = "<group>"; };
		11D0E2471BFB756B009EE570 /* 7♥@2x.jpg */ = {isa = PBXFileReference; lastKnownFileType = image.jpeg; path = "7♥@2x.jpg"; sourceTree = "<group>"; };
		11D0E2481BFB756B009EE570 /* 7♥@3x.jpg */ = {isa = PBXFileReference; lastKnownFileType = image.jpeg; path = "7♥@3x.jpg"; sourceTree = "<group>"; };
		11D0E2491BFB756B009EE570 /* 7♦@2x.jpg */ = {isa = PBXFileReference; lastKnownFileType = image.jpeg; path = "7♦@2x.jpg"; sourceTree = "<group>"; };
		11D0E24A1BFB756B009EE570 /* 7♦@3x.jpg */ = {isa = PBXFileReference; lastKnownFileType = image.jpeg; path = "7♦@3x.jpg"; sourceTree = "<group>"; };
		11D0E24B1BFB756B009EE570 /* 8♠@2x.jpg */ = {isa = PBXFileReference; lastKnownFileType = image.jpeg; path = "8♠@2x.jpg"; sourceTree = "<group>"; };
		11D0E24C1BFB756B009EE570 /* 8♠@3x.jpg */ = {isa = PBXFileReference; lastKnownFileType = image.jpeg; path = "8♠@3x.jpg"; sourceTree = "<group>"; };
		11D0E24D1BFB756B009EE570 /* 8♣@2x.jpg */ = {isa = PBXFileReference; lastKnownFileType = image.jpeg; path = "8♣@2x.jpg"; sourceTree = "<group>"; };
		11D0E24E1BFB756B009EE570 /* 8♣@3x.jpg */ = {isa = PBXFileReference; lastKnownFileType = image.jpeg; path = "8♣@3x.jpg"; sourceTree = "<group>"; };
		11D0E24F1BFB756B009EE570 /* 8♥@2x.jpg */ = {isa = PBXFileReference; lastKnownFileType = image.jpeg; path = "8♥@2x.jpg"; sourceTree = "<group>"; };
		11D0E2501BFB756B009EE570 /* 8♥@3x.jpg */ = {isa = PBXFileReference; lastKnownFileType = image.jpeg; path = "8♥@3x.jpg"; sourceTree = "<group>"; };
		11D0E2511BFB756B009EE570 /* 8♦@2x.jpg */ = {isa = PBXFileReference; lastKnownFileType = image.jpeg; path = "8♦@2x.jpg"; sourceTree = "<group>"; };
		11D0E2521BFB756B009EE570 /* 8♦@3x.jpg */ = {isa = PBXFileReference; lastKnownFileType = image.jpeg; path = "8♦@3x.jpg"; sourceTree = "<group>"; };
		11D0E2531BFB756B009EE570 /* 9♠@2x.jpg */ = {isa = PBXFileReference; lastKnownFileType = image.jpeg; path = "9♠@2x.jpg"; sourceTree = "<group>"; };
		11D0E2541BFB756B009EE570 /* 9♠@3x.jpg */ = {isa = PBXFileReference; lastKnownFileType = image.jpeg; path = "9♠@3x.jpg"; sourceTree = "<group>"; };
		11D0E2551BFB756B009EE570 /* 9♣@2x.jpg */ = {isa = PBXFileReference; lastKnownFileType = image.jpeg; path = "9♣@2x.jpg"; sourceTree = "<group>"; };
		11D0E2561BFB756B009EE570 /* 9♣@3x.jpg */ = {isa = PBXFileReference; lastKnownFileType = image.jpeg; path = "9♣@3x.jpg"; sourceTree = "<group>"; };
		11D0E2571BFB756B009EE570 /* 9♥@2x.jpg */ = {isa = PBXFileReference; lastKnownFileType = image.jpeg; path = "9♥@2x.jpg"; sourceTree = "<group>"; };
		11D0E2581BFB756B009EE570 /* 9♥@3x.jpg */ = {isa = PBXFileReference; lastKnownFileType = image.jpeg; path = "9♥@3x.jpg"; sourceTree = "<group>"; };
		11D0E2591BFB756B009EE570 /* 9♦@2x.jpg */ = {isa = PBXFileReference; lastKnownFileType = image.jpeg; path = "9♦@2x.jpg"; sourceTree = "<group>"; };
		11D0E25A1BFB756B009EE570 /* 9♦@3x.jpg */ = {isa = PBXFileReference; lastKnownFileType = image.jpeg; path = "9♦@3x.jpg"; sourceTree = "<group>"; };
		11D0E25B1BFB756B009EE570 /* 10♠@2x.jpg */ = {isa = PBXFileReference; lastKnownFileType = image.jpeg; path = "10♠@2x.jpg"; sourceTree = "<group>"; };
		11D0E25C1BFB756B009EE570 /* 10♠@3x.jpg */ = {isa = PBXFileReference; lastKnownFileType = image.jpeg; path = "10♠@3x.jpg"; sourceTree = "<group>"; };
		11D0E25D1BFB756B009EE570 /* 10♣@2x.jpg */ = {isa = PBXFileReference; lastKnownFileType = image.jpeg; path = "10♣@2x.jpg"; sourceTree = "<group>"; };
		11D0E25E1BFB756B009EE570 /* 10♣@3x.jpg */ = {isa = PBXFileReference; lastKnownFileType = image.jpeg; path = "10♣@3x.jpg"; sourceTree = "<group>"; };
		11D0E25F1BFB756B009EE570 /* 10♥@2x.jpg */ = {isa = PBXFileReference; lastKnownFileType = image.jpeg; path = "10♥@2x.jpg"; sourceTree = "<group>"; };
		11D0E2601BFB756B009EE570 /* 10♥@3x.jpg */ = {isa = PBXFileReference; lastKnownFileType = image.jpeg; path = "10♥@3x.jpg"; sourceTree = "<group>"; };
		11D0E2611BFB756B009EE570 /* 10♦@2x.jpg */ = {isa = PBXFileReference; lastKnownFileType = image.jpeg; path = "10♦@2x.jpg"; sourceTree = "<group>"; };
		11D0E2621BFB756B009EE570 /* 10♦@3x.jpg */ = {isa = PBXFileReference; lastKnownFileType = image.jpeg; path = "10♦@3x.jpg"; sourceTree = "<group>"; };
		11D0E2631BFB756B009EE570 /* A♠@2x.jpg */ = {isa = PBXFileReference; lastKnownFileType = image.jpeg; path = "A♠@2x.jpg"; sourceTree = "<group>"; };
		11D0E2641BFB756B009EE570 /* A♠@3x.jpg */ = {isa = PBXFileReference; lastKnownFileType = image.jpeg; path = "A♠@3x.jpg"; sourceTree = "<group>"; };
		11D0E2651BFB756B009EE570 /* A♣@2x.jpg */ = {isa = PBXFileReference; lastKnownFileType = image.jpeg; path = "A♣@2x.jpg"; sourceTree = "<group>"; };
		11D0E2661BFB756B009EE570 /* A♣@3x.jpg */ = {isa = PBXFileReference; lastKnownFileType = image.jpeg; path = "A♣@3x.jpg"; sourceTree = "<group>"; };
		11D0E2671BFB756B009EE570 /* A♥@2x.jpg */ = {isa = PBXFileReference; lastKnownFileType = image.jpeg; path = "A♥@2x.jpg"; sourceTree = "<group>"; };
		11D0E2681BFB756B009EE570 /* A♥@3x.jpg */ = {isa = PBXFileReference; lastKnownFileType = image.jpeg; path = "A♥@3x.jpg"; sourceTree = "<group>"; };
		11D0E2691BFB756B009EE570 /* A♦@2x.jpg */ = {isa = PBXFileReference; lastKnownFileType = image.jpeg; path = "A♦@2x.jpg"; sourceTree = "<group>"; };
		11D0E26A1BFB756B009EE570 /* A♦@3x.jpg */ = {isa = PBXFileReference; lastKnownFileType = image.jpeg; path = "A♦@3x.jpg"; sourceTree = "<group>"; };
		11D0E26B1BFB756B009EE570 /* cardback@2x.png */ = {isa = PBXFileReference; lastKnownFileType = image.png; path = "cardback@2x.png"; sourceTree = "<group>"; };
		11D0E26C1BFB756B009EE570 /* cardback@3x.png */ = {isa = PBXFileReference; lastKnownFileType = image.png; path = "cardback@3x.png"; sourceTree = "<group>"; };
		11D0E26D1BFB756B009EE570 /* J♠@2x.jpg */ = {isa = PBXFileReference; lastKnownFileType = image.jpeg; path = "J♠@2x.jpg"; sourceTree = "<group>"; };
		11D0E26E1BFB756B009EE570 /* J♠@3x.jpg */ = {isa = PBXFileReference; lastKnownFileType = image.jpeg; path = "J♠@3x.jpg"; sourceTree = "<group>"; };
		11D0E26F1BFB756B009EE570 /* J♣@2x.jpg */ = {isa = PBXFileReference; lastKnownFileType = image.jpeg; path = "J♣@2x.jpg"; sourceTree = "<group>"; };
		11D0E2701BFB756B009EE570 /* J♣@3x.jpg */ = {isa = PBXFileReference; lastKnownFileType = image.jpeg; path = "J♣@3x.jpg"; sourceTree = "<group>"; };
		11D0E2711BFB756B009EE570 /* J♥@2x.jpg */ = {isa = PBXFileReference; lastKnownFileType = image.jpeg; path = "J♥@2x.jpg"; sourceTree = "<group>"; };
		11D0E2721BFB756B009EE570 /* J♥@3x.jpg */ = {isa = PBXFileReference; lastKnownFileType = image.jpeg; path = "J♥@3x.jpg"; sourceTree = "<group>"; };
		11D0E2731BFB756B009EE570 /* J♦@2x.jpg */ = {isa = PBXFileReference; lastKnownFileType = image.jpeg; path = "J♦@2x.jpg"; sourceTree = "<group>"; };
		11D0E2741BFB756B009EE570 /* J♦@3x.jpg */ = {isa = PBXFileReference; lastKnownFileType = image.jpeg; path = "J♦@3x.jpg"; sourceTree = "<group>"; };
		11D0E2751BFB756B009EE570 /* K♠@2x.jpg */ = {isa = PBXFileReference; lastKnownFileType = image.jpeg; path = "K♠@2x.jpg"; sourceTree = "<group>"; };
		11D0E2761BFB756B009EE570 /* K♠@3x.jpg */ = {isa = PBXFileReference; lastKnownFileType = image.jpeg; path = "K♠@3x.jpg"; sourceTree = "<group>"; };
		11D0E2771BFB756B009EE570 /* K♣@2x.jpg */ = {isa = PBXFileReference; lastKnownFileType = image.jpeg; path = "K♣@2x.jpg"; sourceTree = "<group>"; };
		11D0E2781BFB756B009EE570 /* K♣@3x.jpg */ = {isa = PBXFileReference; lastKnownFileType = image.jpeg; path = "K♣@3x.jpg"; sourceTree = "<group>"; };
		11D0E2791BFB756B009EE570 /* K♥@2x.jpg */ = {isa = PBXFileReference; lastKnownFileType = image.jpeg; path = "K♥@2x.jpg"; sourceTree = "<group>"; };
		11D0E27A1BFB756B009EE570 /* K♥@3x.jpg */ = {isa = PBXFileReference; lastKnownFileType = image.jpeg; path = "K♥@3x.jpg"; sourceTree = "<group>"; };
		11D0E27B1BFB756B009EE570 /* K♦@2x.jpg */ = {isa = PBXFileReference; lastKnownFileType = image.jpeg; path = "K♦@2x.jpg"; sourceTree = "<group>"; };
		11D0E27C1BFB756B009EE570 /* K♦@3x.jpg */ = {isa = PBXFileReference; lastKnownFileType = image.jpeg; path = "K♦@3x.jpg"; sourceTree = "<group>"; };
		11D0E27D1BFB756B009EE570 /* Q♠@2x.jpg */ = {isa = PBXFileReference; lastKnownFileType = image.jpeg; path = "Q♠@2x.jpg"; sourceTree = "<group>"; };
		11D0E27E1BFB756B009EE570 /* Q♠@3x.jpg */ = {isa = PBXFileReference; lastKnownFileType = image.jpeg; path = "Q♠@3x.jpg"; sourceTree = "<group>"; };
		11D0E27F1BFB756B009EE570 /* Q♣@2x.jpg */ = {isa = PBXFileReference; lastKnownFileType = image.jpeg; path = "Q♣@2x.jpg"; sourceTree = "<group>"; };
		11D0E2801BFB756B009EE570 /* Q♣@3x.jpg */ = {isa = PBXFileReference; lastKnownFileType = image.jpeg; path = "Q♣@3x.jpg"; sourceTree = "<group>"; };
		11D0E2811BFB756B009EE570 /* Q♥@2x.jpg */ = {isa = PBXFileReference; lastKnownFileType = image.jpeg; path = "Q♥@2x.jpg"; sourceTree = "<group>"; };
		11D0E2821BFB756B009EE570 /* Q♥@3x.jpg */ = {isa = PBXFileReference; lastKnownFileType = image.jpeg; path = "Q♥@3x.jpg"; sourceTree = "<group>"; };
		11D0E2831BFB756B009EE570 /* Q♦@2x.jpg */ = {isa = PBXFileReference; lastKnownFileType = image.jpeg; path = "Q♦@2x.jpg"; sourceTree = "<group>"; };
		11D0E2841BFB756B009EE570 /* Q♦@3x.jpg */ = {isa = PBXFileReference; lastKnownFileType = image.jpeg; path = "Q♦@3x.jpg"; sourceTree = "<group>"; };
		11D79F591BF64E78005C4F7E /* SettingsViewController.h */ = {isa = PBXFileReference; fileEncoding = 4; lastKnownFileType = sourcecode.c.h; path = SettingsViewController.h; sourceTree = "<group>"; };
		11D79F5A1BF64E78005C4F7E /* SettingsViewController.m */ = {isa = PBXFileReference; fileEncoding = 4; lastKnownFileType = sourcecode.c.objc; path = SettingsViewController.m; sourceTree = "<group>"; };
		CE3D731D1BFD24F300DDF020 /* CoreGraphics.framework */ = {isa = PBXFileReference; lastKnownFileType = wrapper.framework; name = CoreGraphics.framework; path = System/Library/Frameworks/CoreGraphics.framework; sourceTree = SDKROOT; };
		CE3D731F1BFD417300DDF020 /* Common.h */ = {isa = PBXFileReference; fileEncoding = 4; lastKnownFileType = sourcecode.c.h; path = Common.h; sourceTree = "<group>"; };
		CE3D73201BFD417300DDF020 /* Common.m */ = {isa = PBXFileReference; fileEncoding = 4; lastKnownFileType = sourcecode.c.objc; path = Common.m; sourceTree = "<group>"; };
		CE3D73211BFD417300DDF020 /* CoolButton.h */ = {isa = PBXFileReference; fileEncoding = 4; lastKnownFileType = sourcecode.c.h; path = CoolButton.h; sourceTree = "<group>"; };
		CE3D73221BFD417300DDF020 /* CoolButton.m */ = {isa = PBXFileReference; fileEncoding = 4; lastKnownFileType = sourcecode.c.objc; path = CoolButton.m; sourceTree = "<group>"; };
		CE3D73251BFD4F7300DDF020 /* bg.png */ = {isa = PBXFileReference; lastKnownFileType = image.png; path = bg.png; sourceTree = "<group>"; };
		CE3D732C1BFF6BBE00DDF020 /* StoreKit.framework */ = {isa = PBXFileReference; lastKnownFileType = wrapper.framework; name = StoreKit.framework; path = System/Library/Frameworks/StoreKit.framework; sourceTree = SDKROOT; };
		CE9638AC1BFC8D3E004BE13C /* UIImage+ImageEffects.h */ = {isa = PBXFileReference; fileEncoding = 4; lastKnownFileType = sourcecode.c.h; path = "UIImage+ImageEffects.h"; sourceTree = "<group>"; };
		CE9638AD1BFC8D3E004BE13C /* UIImage+ImageEffects.m */ = {isa = PBXFileReference; fileEncoding = 4; lastKnownFileType = sourcecode.c.objc; path = "UIImage+ImageEffects.m"; sourceTree = "<group>"; };
		CE9638B21BFC9D56004BE13C /* cardtableimage.jpg */ = {isa = PBXFileReference; lastKnownFileType = image.jpeg; path = cardtableimage.jpg; sourceTree = "<group>"; };
		CEC1C0531BFB777A00B6193B /* iAd.framework */ = {isa = PBXFileReference; lastKnownFileType = wrapper.framework; name = iAd.framework; path = System/Library/Frameworks/iAd.framework; sourceTree = SDKROOT; };
/* End PBXFileReference section */

/* Begin PBXFrameworksBuildPhase section */
		11AD61601BF4BC73006BF35F /* Frameworks */ = {
			isa = PBXFrameworksBuildPhase;
			buildActionMask = 2147483647;
			files = (
				CE3D732D1BFF6BBE00DDF020 /* StoreKit.framework in Frameworks */,
				CE3D731E1BFD24F300DDF020 /* CoreGraphics.framework in Frameworks */,
				CEC1C0541BFB777B00B6193B /* iAd.framework in Frameworks */,
			);
			runOnlyForDeploymentPostprocessing = 0;
		};
		11AD61791BF4BC73006BF35F /* Frameworks */ = {
			isa = PBXFrameworksBuildPhase;
			buildActionMask = 2147483647;
			files = (
			);
			runOnlyForDeploymentPostprocessing = 0;
		};
/* End PBXFrameworksBuildPhase section */

/* Begin PBXGroup section */
		11AD615A1BF4BC73006BF35F = {
			isa = PBXGroup;
			children = (
				CE3D732C1BFF6BBE00DDF020 /* StoreKit.framework */,
				CE3D731D1BFD24F300DDF020 /* CoreGraphics.framework */,
				CEC1C0531BFB777A00B6193B /* iAd.framework */,
				11AD61651BF4BC73006BF35F /* Durak */,
				11AD617F1BF4BC73006BF35F /* DurakUITests */,
				11AD61641BF4BC73006BF35F /* Products */,
			);
			sourceTree = "<group>";
		};
		11AD61641BF4BC73006BF35F /* Products */ = {
			isa = PBXGroup;
			children = (
				11AD61631BF4BC73006BF35F /* Durak.app */,
				11AD617C1BF4BC73006BF35F /* DurakUITests.xctest */,
			);
			name = Products;
			sourceTree = "<group>";
		};
		11AD61651BF4BC73006BF35F /* Durak */ = {
			isa = PBXGroup;
			children = (
				CE3D73251BFD4F7300DDF020 /* bg.png */,
				CE9638B21BFC9D56004BE13C /* cardtableimage.jpg */,
				CE9638AF1BFC8D42004BE13C /* Utility */,
				11AD61C11BF4BDB3006BF35F /* Model */,
				11AD61BE1BF4BCFC006BF35F /* PlayingCardView.h */,
				11AD61BF1BF4BCFC006BF35F /* PlayingCardView.m */,
				11AD618B1BF4BCD3006BF35F /* images */,
				11AD61691BF4BC73006BF35F /* AppDelegate.h */,
				11AD616A1BF4BC73006BF35F /* AppDelegate.m */,
				11AD616C1BF4BC73006BF35F /* ViewController.h */,
				11AD616D1BF4BC73006BF35F /* ViewController.m */,
				11AD616F1BF4BC73006BF35F /* Main.storyboard */,
				11D79F591BF64E78005C4F7E /* SettingsViewController.h */,
				11D79F5A1BF64E78005C4F7E /* SettingsViewController.m */,
				11AD61661BF4BC73006BF35F /* Supporting Files */,
			);
			path = Durak;
			sourceTree = "<group>";
		};
		11AD61661BF4BC73006BF35F /* Supporting Files */ = {
			isa = PBXGroup;
			children = (
				11AD61721BF4BC73006BF35F /* Assets.xcassets */,
				11AD61741BF4BC73006BF35F /* LaunchScreen.storyboard */,
				11AD61771BF4BC73006BF35F /* Info.plist */,
				11AD61671BF4BC73006BF35F /* main.m */,
			);
			name = "Supporting Files";
			sourceTree = "<group>";
		};
		11AD617F1BF4BC73006BF35F /* DurakUITests */ = {
			isa = PBXGroup;
			children = (
				11AD61801BF4BC73006BF35F /* DurakUITests.m */,
				11AD61821BF4BC73006BF35F /* Info.plist */,
			);
			path = DurakUITests;
			sourceTree = "<group>";
		};
		11AD618B1BF4BCD3006BF35F /* images */ = {
			isa = PBXGroup;
			children = (
				11D0E21B1BFB756B009EE570 /* 2♠@2x.jpg */,
				11D0E21C1BFB756B009EE570 /* 2♠@3x.jpg */,
				11D0E21D1BFB756B009EE570 /* 2♣@2x.jpg */,
				11D0E21E1BFB756B009EE570 /* 2♣@3x.jpg */,
				11D0E21F1BFB756B009EE570 /* 2♥@2x.jpg */,
				11D0E2201BFB756B009EE570 /* 2♥@3x.jpg */,
				11D0E2211BFB756B009EE570 /* 2♦@2x.jpg */,
				11D0E2221BFB756B009EE570 /* 2♦@3x.jpg */,
				11D0E2231BFB756B009EE570 /* 3♠@2x.jpg */,
				11D0E2241BFB756B009EE570 /* 3♠@3x.jpg */,
				11D0E2251BFB756B009EE570 /* 3♣@2x.jpg */,
				11D0E2261BFB756B009EE570 /* 3♣@3x.jpg */,
				11D0E2271BFB756B009EE570 /* 3♥@2x.jpg */,
				11D0E2281BFB756B009EE570 /* 3♥@3x.jpg */,
				11D0E2291BFB756B009EE570 /* 3♦@2x.jpg */,
				11D0E22A1BFB756B009EE570 /* 3♦@3x.jpg */,
				11D0E22B1BFB756B009EE570 /* 4♠@2x.jpg */,
				11D0E22C1BFB756B009EE570 /* 4♠@3x.jpg */,
				11D0E22D1BFB756B009EE570 /* 4♣@2x.jpg */,
				11D0E22E1BFB756B009EE570 /* 4♣@3x.jpg */,
				11D0E22F1BFB756B009EE570 /* 4♥@2x.jpg */,
				11D0E2301BFB756B009EE570 /* 4♥@3x.jpg */,
				11D0E2311BFB756B009EE570 /* 4♦@2x.jpg */,
				11D0E2321BFB756B009EE570 /* 4♦@3x.jpg */,
				11D0E2331BFB756B009EE570 /* 5♠@2x.jpg */,
				11D0E2341BFB756B009EE570 /* 5♠@3x.jpg */,
				11D0E2351BFB756B009EE570 /* 5♣@2x.jpg */,
				11D0E2361BFB756B009EE570 /* 5♣@3x.jpg */,
				11D0E2371BFB756B009EE570 /* 5♥@2x.jpg */,
				11D0E2381BFB756B009EE570 /* 5♥@3x.jpg */,
				11D0E2391BFB756B009EE570 /* 5♦@2x.jpg */,
				11D0E23A1BFB756B009EE570 /* 5♦@3x.jpg */,
				11D0E23B1BFB756B009EE570 /* 6♠@2x.jpg */,
				11D0E23C1BFB756B009EE570 /* 6♠@3x.jpg */,
				11D0E23D1BFB756B009EE570 /* 6♣@2x.jpg */,
				11D0E23E1BFB756B009EE570 /* 6♣@3x.jpg */,
				11D0E23F1BFB756B009EE570 /* 6♥@2x.jpg */,
				11D0E2401BFB756B009EE570 /* 6♥@3x.jpg */,
				11D0E2411BFB756B009EE570 /* 6♦@2x.jpg */,
				11D0E2421BFB756B009EE570 /* 6♦@3x.jpg */,
				11D0E2431BFB756B009EE570 /* 7♠@2x.jpg */,
				11D0E2441BFB756B009EE570 /* 7♠@3x.jpg */,
				11D0E2451BFB756B009EE570 /* 7♣@2x.jpg */,
				11D0E2461BFB756B009EE570 /* 7♣@3x.jpg */,
				11D0E2471BFB756B009EE570 /* 7♥@2x.jpg */,
				11D0E2481BFB756B009EE570 /* 7♥@3x.jpg */,
				11D0E2491BFB756B009EE570 /* 7♦@2x.jpg */,
				11D0E24A1BFB756B009EE570 /* 7♦@3x.jpg */,
				11D0E24B1BFB756B009EE570 /* 8♠@2x.jpg */,
				11D0E24C1BFB756B009EE570 /* 8♠@3x.jpg */,
				11D0E24D1BFB756B009EE570 /* 8♣@2x.jpg */,
				11D0E24E1BFB756B009EE570 /* 8♣@3x.jpg */,
				11D0E24F1BFB756B009EE570 /* 8♥@2x.jpg */,
				11D0E2501BFB756B009EE570 /* 8♥@3x.jpg */,
				11D0E2511BFB756B009EE570 /* 8♦@2x.jpg */,
				11D0E2521BFB756B009EE570 /* 8♦@3x.jpg */,
				11D0E2531BFB756B009EE570 /* 9♠@2x.jpg */,
				11D0E2541BFB756B009EE570 /* 9♠@3x.jpg */,
				11D0E2551BFB756B009EE570 /* 9♣@2x.jpg */,
				11D0E2561BFB756B009EE570 /* 9♣@3x.jpg */,
				11D0E2571BFB756B009EE570 /* 9♥@2x.jpg */,
				11D0E2581BFB756B009EE570 /* 9♥@3x.jpg */,
				11D0E2591BFB756B009EE570 /* 9♦@2x.jpg */,
				11D0E25A1BFB756B009EE570 /* 9♦@3x.jpg */,
				11D0E25B1BFB756B009EE570 /* 10♠@2x.jpg */,
				11D0E25C1BFB756B009EE570 /* 10♠@3x.jpg */,
				11D0E25D1BFB756B009EE570 /* 10♣@2x.jpg */,
				11D0E25E1BFB756B009EE570 /* 10♣@3x.jpg */,
				11D0E25F1BFB756B009EE570 /* 10♥@2x.jpg */,
				11D0E2601BFB756B009EE570 /* 10♥@3x.jpg */,
				11D0E2611BFB756B009EE570 /* 10♦@2x.jpg */,
				11D0E2621BFB756B009EE570 /* 10♦@3x.jpg */,
				11D0E2631BFB756B009EE570 /* A♠@2x.jpg */,
				11D0E2641BFB756B009EE570 /* A♠@3x.jpg */,
				11D0E2651BFB756B009EE570 /* A♣@2x.jpg */,
				11D0E2661BFB756B009EE570 /* A♣@3x.jpg */,
				11D0E2671BFB756B009EE570 /* A♥@2x.jpg */,
				11D0E2681BFB756B009EE570 /* A♥@3x.jpg */,
				11D0E2691BFB756B009EE570 /* A♦@2x.jpg */,
				11D0E26A1BFB756B009EE570 /* A♦@3x.jpg */,
				11D0E26B1BFB756B009EE570 /* cardback@2x.png */,
				11D0E26C1BFB756B009EE570 /* cardback@3x.png */,
				11D0E26D1BFB756B009EE570 /* J♠@2x.jpg */,
				11D0E26E1BFB756B009EE570 /* J♠@3x.jpg */,
				11D0E26F1BFB756B009EE570 /* J♣@2x.jpg */,
				11D0E2701BFB756B009EE570 /* J♣@3x.jpg */,
				11D0E2711BFB756B009EE570 /* J♥@2x.jpg */,
				11D0E2721BFB756B009EE570 /* J♥@3x.jpg */,
				11D0E2731BFB756B009EE570 /* J♦@2x.jpg */,
				11D0E2741BFB756B009EE570 /* J♦@3x.jpg */,
				11D0E2751BFB756B009EE570 /* K♠@2x.jpg */,
				11D0E2761BFB756B009EE570 /* K♠@3x.jpg */,
				11D0E2771BFB756B009EE570 /* K♣@2x.jpg */,
				11D0E2781BFB756B009EE570 /* K♣@3x.jpg */,
				11D0E2791BFB756B009EE570 /* K♥@2x.jpg */,
				11D0E27A1BFB756B009EE570 /* K♥@3x.jpg */,
				11D0E27B1BFB756B009EE570 /* K♦@2x.jpg */,
				11D0E27C1BFB756B009EE570 /* K♦@3x.jpg */,
				11D0E27D1BFB756B009EE570 /* Q♠@2x.jpg */,
				11D0E27E1BFB756B009EE570 /* Q♠@3x.jpg */,
				11D0E27F1BFB756B009EE570 /* Q♣@2x.jpg */,
				11D0E2801BFB756B009EE570 /* Q♣@3x.jpg */,
				11D0E2811BFB756B009EE570 /* Q♥@2x.jpg */,
				11D0E2821BFB756B009EE570 /* Q♥@3x.jpg */,
				11D0E2831BFB756B009EE570 /* Q♦@2x.jpg */,
				11D0E2841BFB756B009EE570 /* Q♦@3x.jpg */,
			);
			path = images;
			sourceTree = "<group>";
		};
		11AD61C11BF4BDB3006BF35F /* Model */ = {
			isa = PBXGroup;
			children = (
				11AD61C21BF4BDB3006BF35F /* Card.h */,
				11AD61C31BF4BDB3006BF35F /* Card.m */,
				11AD61C61BF4BDB3006BF35F /* Deck.h */,
				11AD61C71BF4BDB3006BF35F /* Deck.m */,
				11AD61C81BF4BDB3006BF35F /* PlayingCard.h */,
				11AD61C91BF4BDB3006BF35F /* PlayingCard.m */,
				11AD61CA1BF4BDB3006BF35F /* PlayingCardDeck.h */,
				11AD61CB1BF4BDB3006BF35F /* PlayingCardDeck.m */,
				11AD61D11BF4C5BA006BF35F /* DurakGameModel.h */,
				11AD61D21BF4C5BA006BF35F /* DurakGameModel.m */,
				CE3D731F1BFD417300DDF020 /* Common.h */,
				CE3D73201BFD417300DDF020 /* Common.m */,
				CE3D73211BFD417300DDF020 /* CoolButton.h */,
				CE3D73221BFD417300DDF020 /* CoolButton.m */,
			);
			path = Model;
			sourceTree = "<group>";
		};
		CE9638AF1BFC8D42004BE13C /* Utility */ = {
			isa = PBXGroup;
			children = (
				CE9638AC1BFC8D3E004BE13C /* UIImage+ImageEffects.h */,
				CE9638AD1BFC8D3E004BE13C /* UIImage+ImageEffects.m */,
			);
			name = Utility;
			sourceTree = "<group>";
		};
/* End PBXGroup section */

/* Begin PBXNativeTarget section */
		11AD61621BF4BC73006BF35F /* Durak */ = {
			isa = PBXNativeTarget;
			buildConfigurationList = 11AD61851BF4BC73006BF35F /* Build configuration list for PBXNativeTarget "Durak" */;
			buildPhases = (
				11AD615F1BF4BC73006BF35F /* Sources */,
				11AD61601BF4BC73006BF35F /* Frameworks */,
				11AD61611BF4BC73006BF35F /* Resources */,
			);
			buildRules = (
			);
			dependencies = (
			);
			name = Durak;
			productName = Durak;
			productReference = 11AD61631BF4BC73006BF35F /* Durak.app */;
			productType = "com.apple.product-type.application";
		};
		11AD617B1BF4BC73006BF35F /* DurakUITests */ = {
			isa = PBXNativeTarget;
			buildConfigurationList = 11AD61881BF4BC73006BF35F /* Build configuration list for PBXNativeTarget "DurakUITests" */;
			buildPhases = (
				11AD61781BF4BC73006BF35F /* Sources */,
				11AD61791BF4BC73006BF35F /* Frameworks */,
				11AD617A1BF4BC73006BF35F /* Resources */,
			);
			buildRules = (
			);
			dependencies = (
				11AD617E1BF4BC73006BF35F /* PBXTargetDependency */,
			);
			name = DurakUITests;
			productName = DurakUITests;
			productReference = 11AD617C1BF4BC73006BF35F /* DurakUITests.xctest */;
			productType = "com.apple.product-type.bundle.ui-testing";
		};
/* End PBXNativeTarget section */

/* Begin PBXProject section */
		11AD615B1BF4BC73006BF35F /* Project object */ = {
			isa = PBXProject;
			attributes = {
				LastSwiftUpdateCheck = 0700;
				LastUpgradeCheck = 0700;
				ORGANIZATIONNAME = "Alex Kartsev";
				TargetAttributes = {
					11AD61621BF4BC73006BF35F = {
						CreatedOnToolsVersion = 7.0;
						DevelopmentTeam = ZPC5P3JQ8K;
						SystemCapabilities = {
							com.apple.InAppPurchase = {
								enabled = 1;
							};
						};
					};
					11AD617B1BF4BC73006BF35F = {
						CreatedOnToolsVersion = 7.0;
						TestTargetID = 11AD61621BF4BC73006BF35F;
					};
				};
			};
			buildConfigurationList = 11AD615E1BF4BC73006BF35F /* Build configuration list for PBXProject "Durak" */;
			compatibilityVersion = "Xcode 3.2";
			developmentRegion = English;
			hasScannedForEncodings = 0;
			knownRegions = (
				en,
				Base,
			);
			mainGroup = 11AD615A1BF4BC73006BF35F;
			productRefGroup = 11AD61641BF4BC73006BF35F /* Products */;
			projectDirPath = "";
			projectRoot = "";
			targets = (
				11AD61621BF4BC73006BF35F /* Durak */,
				11AD617B1BF4BC73006BF35F /* DurakUITests */,
			);
		};
/* End PBXProject section */

/* Begin PBXResourcesBuildPhase section */
		11AD61611BF4BC73006BF35F /* Resources */ = {
			isa = PBXResourcesBuildPhase;
			buildActionMask = 2147483647;
			files = (
				11D0E2C91BFB756B009EE570 /* 10♣@3x.jpg in Resources */,
				11D0E2B01BFB756B009EE570 /* 7♣@2x.jpg in Resources */,
				11D0E2891BFB756B009EE570 /* 2♣@3x.jpg in Resources */,
				11AD61761BF4BC73006BF35F /* LaunchScreen.storyboard in Resources */,
				11D0E2CE1BFB756B009EE570 /* A♠@2x.jpg in Resources */,
				11D0E2AC1BFB756B009EE570 /* 6♦@2x.jpg in Resources */,
				11D0E2A81BFB756B009EE570 /* 6♣@2x.jpg in Resources */,
				11D0E2E51BFB756B009EE570 /* K♥@3x.jpg in Resources */,
				11D0E28B1BFB756B009EE570 /* 2♥@3x.jpg in Resources */,
				11D0E2C51BFB756B009EE570 /* 9♦@3x.jpg in Resources */,
				11D0E2B91BFB756B009EE570 /* 8♣@3x.jpg in Resources */,
				11D0E2B41BFB756B009EE570 /* 7♦@2x.jpg in Resources */,
				11D0E2E31BFB756B009EE570 /* K♣@3x.jpg in Resources */,
				11D0E2A91BFB756B009EE570 /* 6♣@3x.jpg in Resources */,
				11D0E2B51BFB756B009EE570 /* 7♦@3x.jpg in Resources */,
				11D0E2AE1BFB756B009EE570 /* 7♠@2x.jpg in Resources */,
				11D0E2931BFB756B009EE570 /* 3♥@3x.jpg in Resources */,
				11D0E29B1BFB756B009EE570 /* 4♥@3x.jpg in Resources */,
				11D0E2EA1BFB756B009EE570 /* Q♣@2x.jpg in Resources */,
				11D0E2BE1BFB756B009EE570 /* 9♠@2x.jpg in Resources */,
				11D0E2DA1BFB756B009EE570 /* J♣@2x.jpg in Resources */,
				11D0E2CB1BFB756B009EE570 /* 10♥@3x.jpg in Resources */,
				11D0E2BD1BFB756B009EE570 /* 8♦@3x.jpg in Resources */,
				11AD61731BF4BC73006BF35F /* Assets.xcassets in Resources */,
				11D0E28F1BFB756B009EE570 /* 3♠@3x.jpg in Resources */,
				11D0E2861BFB756B009EE570 /* 2♠@2x.jpg in Resources */,
				11D0E29D1BFB756B009EE570 /* 4♦@3x.jpg in Resources */,
				11D0E2E61BFB756B009EE570 /* K♦@2x.jpg in Resources */,
				11D0E2A51BFB756B009EE570 /* 5♦@3x.jpg in Resources */,
				11D0E2EE1BFB756B009EE570 /* Q♦@2x.jpg in Resources */,
				11D0E2BA1BFB756B009EE570 /* 8♥@2x.jpg in Resources */,
				11D0E2E01BFB756B009EE570 /* K♠@2x.jpg in Resources */,
				11D0E2CF1BFB756B009EE570 /* A♠@3x.jpg in Resources */,
				11D0E2BF1BFB756B009EE570 /* 9♠@3x.jpg in Resources */,
				11D0E2951BFB756B009EE570 /* 3♦@3x.jpg in Resources */,
				11D0E2DB1BFB756B009EE570 /* J♣@3x.jpg in Resources */,
				11D0E2AD1BFB756B009EE570 /* 6♦@3x.jpg in Resources */,
				11D0E2B61BFB756B009EE570 /* 8♠@2x.jpg in Resources */,
				11D0E2971BFB756B009EE570 /* 4♠@3x.jpg in Resources */,
				11D0E2A41BFB756B009EE570 /* 5♦@2x.jpg in Resources */,
				11D0E2E41BFB756B009EE570 /* K♥@2x.jpg in Resources */,
				11D0E2DC1BFB756B009EE570 /* J♥@2x.jpg in Resources */,
				11D0E2D81BFB756B009EE570 /* J♠@2x.jpg in Resources */,
				11D0E28C1BFB756B009EE570 /* 2♦@2x.jpg in Resources */,
				11D0E2A21BFB756B009EE570 /* 5♥@2x.jpg in Resources */,
				11D0E2D21BFB756B009EE570 /* A♥@2x.jpg in Resources */,
				11D0E29C1BFB756B009EE570 /* 4♦@2x.jpg in Resources */,
				11D0E2EF1BFB756B009EE570 /* Q♦@3x.jpg in Resources */,
				11D0E2B21BFB756B009EE570 /* 7♥@2x.jpg in Resources */,
				11D0E2CD1BFB756B009EE570 /* 10♦@3x.jpg in Resources */,
				11D0E28E1BFB756B009EE570 /* 3♠@2x.jpg in Resources */,
				11D0E2D11BFB756B009EE570 /* A♣@3x.jpg in Resources */,
				11D0E2E11BFB756B009EE570 /* K♠@3x.jpg in Resources */,
				11D0E2CA1BFB756B009EE570 /* 10♥@2x.jpg in Resources */,
				11D0E2E71BFB756B009EE570 /* K♦@3x.jpg in Resources */,
				11D0E2AB1BFB756B009EE570 /* 6♥@3x.jpg in Resources */,
				11D0E2EC1BFB756B009EE570 /* Q♥@2x.jpg in Resources */,
				11D0E2D61BFB756B009EE570 /* cardback@2x.png in Resources */,
				CE9638B31BFC9D56004BE13C /* cardtableimage.jpg in Resources */,
				11D0E2D01BFB756B009EE570 /* A♣@2x.jpg in Resources */,
				11D0E2A01BFB756B009EE570 /* 5♣@2x.jpg in Resources */,
				11D0E2D31BFB756B009EE570 /* A♥@3x.jpg in Resources */,
				11D0E2911BFB756B009EE570 /* 3♣@3x.jpg in Resources */,
				11D0E2961BFB756B009EE570 /* 4♠@2x.jpg in Resources */,
				11D0E2C61BFB756B009EE570 /* 10♠@2x.jpg in Resources */,
				11D0E2901BFB756B009EE570 /* 3♣@2x.jpg in Resources */,
				11D0E2D51BFB756B009EE570 /* A♦@3x.jpg in Resources */,
				11D0E2B81BFB756B009EE570 /* 8♣@2x.jpg in Resources */,
				11D0E2E81BFB756B009EE570 /* Q♠@2x.jpg in Resources */,
				11D0E2DF1BFB756B009EE570 /* J♦@3x.jpg in Resources */,
				11D0E2C21BFB756B009EE570 /* 9♥@2x.jpg in Resources */,
				11D0E29A1BFB756B009EE570 /* 4♥@2x.jpg in Resources */,
				11D0E2E21BFB756B009EE570 /* K♣@2x.jpg in Resources */,
				11D0E2B31BFB756B009EE570 /* 7♥@3x.jpg in Resources */,
				11D0E28A1BFB756B009EE570 /* 2♥@2x.jpg in Resources */,
				11D0E2921BFB756B009EE570 /* 3♥@2x.jpg in Resources */,
				11D0E2EB1BFB756B009EE570 /* Q♣@3x.jpg in Resources */,
				11D0E2D71BFB756B009EE570 /* cardback@3x.png in Resources */,
				11D0E2DE1BFB756B009EE570 /* J♦@2x.jpg in Resources */,
				11D0E2A71BFB756B009EE570 /* 6♠@3x.jpg in Resources */,
				11D0E2CC1BFB756B009EE570 /* 10♦@2x.jpg in Resources */,
				11D0E2E91BFB756B009EE570 /* Q♠@3x.jpg in Resources */,
				11D0E2881BFB756B009EE570 /* 2♣@2x.jpg in Resources */,
				11D0E2ED1BFB756B009EE570 /* Q♥@3x.jpg in Resources */,
				11D0E29F1BFB756B009EE570 /* 5♠@3x.jpg in Resources */,
				11D0E2991BFB756B009EE570 /* 4♣@3x.jpg in Resources */,
				11D0E2D41BFB756B009EE570 /* A♦@2x.jpg in Resources */,
				11D0E29E1BFB756B009EE570 /* 5♠@2x.jpg in Resources */,
				11D0E2A61BFB756B009EE570 /* 6♠@2x.jpg in Resources */,
				CE3D73261BFD4F7300DDF020 /* bg.png in Resources */,
				11D0E2C01BFB756B009EE570 /* 9♣@2x.jpg in Resources */,
				11D0E2BC1BFB756B009EE570 /* 8♦@2x.jpg in Resources */,
				11D0E2C81BFB756B009EE570 /* 10♣@2x.jpg in Resources */,
				11D0E2BB1BFB756B009EE570 /* 8♥@3x.jpg in Resources */,
				11D0E2C71BFB756B009EE570 /* 10♠@3x.jpg in Resources */,
				11D0E2941BFB756B009EE570 /* 3♦@2x.jpg in Resources */,
				11D0E2A11BFB756B009EE570 /* 5♣@3x.jpg in Resources */,
				11D0E2C31BFB756B009EE570 /* 9♥@3x.jpg in Resources */,
				11D0E2AA1BFB756B009EE570 /* 6♥@2x.jpg in Resources */,
				11D0E2D91BFB756B009EE570 /* J♠@3x.jpg in Resources */,
				11D0E2A31BFB756B009EE570 /* 5♥@3x.jpg in Resources */,
				11D0E2DD1BFB756B009EE570 /* J♥@3x.jpg in Resources */,
				11AD61711BF4BC73006BF35F /* Main.storyboard in Resources */,
				11D0E2981BFB756B009EE570 /* 4♣@2x.jpg in Resources */,
				11D0E2B71BFB756B009EE570 /* 8♠@3x.jpg in Resources */,
				11D0E2871BFB756B009EE570 /* 2♠@3x.jpg in Resources */,
				11D0E2C41BFB756B009EE570 /* 9♦@2x.jpg in Resources */,
				11D0E2B11BFB756B009EE570 /* 7♣@3x.jpg in Resources */,
				11D0E2AF1BFB756B009EE570 /* 7♠@3x.jpg in Resources */,
				11D0E28D1BFB756B009EE570 /* 2♦@3x.jpg in Resources */,
				11D0E2C11BFB756B009EE570 /* 9♣@3x.jpg in Resources */,
			);
			runOnlyForDeploymentPostprocessing = 0;
		};
		11AD617A1BF4BC73006BF35F /* Resources */ = {
			isa = PBXResourcesBuildPhase;
			buildActionMask = 2147483647;
			files = (
			);
			runOnlyForDeploymentPostprocessing = 0;
		};
/* End PBXResourcesBuildPhase section */

/* Begin PBXSourcesBuildPhase section */
		11AD615F1BF4BC73006BF35F /* Sources */ = {
			isa = PBXSourcesBuildPhase;
			buildActionMask = 2147483647;
			files = (
				CE3D73231BFD417300DDF020 /* Common.m in Sources */,
				11AD61D01BF4BDB3006BF35F /* PlayingCardDeck.m in Sources */,
				11AD61CE1BF4BDB3006BF35F /* Deck.m in Sources */,
				11AD61D31BF4C5BA006BF35F /* DurakGameModel.m in Sources */,
				11AD61CC1BF4BDB3006BF35F /* Card.m in Sources */,
				CE9638AE1BFC8D3E004BE13C /* UIImage+ImageEffects.m in Sources */,
				11AD616E1BF4BC73006BF35F /* ViewController.m in Sources */,
				CE3D73241BFD417300DDF020 /* CoolButton.m in Sources */,
				11AD61C01BF4BCFC006BF35F /* PlayingCardView.m in Sources */,
				11AD616B1BF4BC73006BF35F /* AppDelegate.m in Sources */,
				11D79F5B1BF64E78005C4F7E /* SettingsViewController.m in Sources */,
				11AD61CF1BF4BDB3006BF35F /* PlayingCard.m in Sources */,
				11AD61681BF4BC73006BF35F /* main.m in Sources */,
			);
			runOnlyForDeploymentPostprocessing = 0;
		};
		11AD61781BF4BC73006BF35F /* Sources */ = {
			isa = PBXSourcesBuildPhase;
			buildActionMask = 2147483647;
			files = (
				11AD61811BF4BC73006BF35F /* DurakUITests.m in Sources */,
			);
			runOnlyForDeploymentPostprocessing = 0;
		};
/* End PBXSourcesBuildPhase section */

/* Begin PBXTargetDependency section */
		11AD617E1BF4BC73006BF35F /* PBXTargetDependency */ = {
			isa = PBXTargetDependency;
			target = 11AD61621BF4BC73006BF35F /* Durak */;
			targetProxy = 11AD617D1BF4BC73006BF35F /* PBXContainerItemProxy */;
		};
/* End PBXTargetDependency section */

/* Begin PBXVariantGroup section */
		11AD616F1BF4BC73006BF35F /* Main.storyboard */ = {
			isa = PBXVariantGroup;
			children = (
				11AD61701BF4BC73006BF35F /* Base */,
			);
			name = Main.storyboard;
			sourceTree = "<group>";
		};
		11AD61741BF4BC73006BF35F /* LaunchScreen.storyboard */ = {
			isa = PBXVariantGroup;
			children = (
				11AD61751BF4BC73006BF35F /* Base */,
			);
			name = LaunchScreen.storyboard;
			sourceTree = "<group>";
		};
/* End PBXVariantGroup section */

/* Begin XCBuildConfiguration section */
		11AD61831BF4BC73006BF35F /* Debug */ = {
			isa = XCBuildConfiguration;
			buildSettings = {
				ALWAYS_SEARCH_USER_PATHS = NO;
				CLANG_CXX_LANGUAGE_STANDARD = "gnu++0x";
				CLANG_CXX_LIBRARY = "libc++";
				CLANG_ENABLE_MODULES = YES;
				CLANG_ENABLE_OBJC_ARC = YES;
				CLANG_WARN_BOOL_CONVERSION = YES;
				CLANG_WARN_CONSTANT_CONVERSION = YES;
				CLANG_WARN_DIRECT_OBJC_ISA_USAGE = YES_ERROR;
				CLANG_WARN_EMPTY_BODY = YES;
				CLANG_WARN_ENUM_CONVERSION = YES;
				CLANG_WARN_INT_CONVERSION = YES;
				CLANG_WARN_OBJC_ROOT_CLASS = YES_ERROR;
				CLANG_WARN_UNREACHABLE_CODE = YES;
				CLANG_WARN__DUPLICATE_METHOD_MATCH = YES;
				"CODE_SIGN_IDENTITY[sdk=iphoneos*]" = "iPhone Developer";
				COPY_PHASE_STRIP = NO;
				DEBUG_INFORMATION_FORMAT = dwarf;
				ENABLE_STRICT_OBJC_MSGSEND = YES;
				ENABLE_TESTABILITY = YES;
				GCC_C_LANGUAGE_STANDARD = gnu99;
				GCC_DYNAMIC_NO_PIC = NO;
				GCC_NO_COMMON_BLOCKS = YES;
				GCC_OPTIMIZATION_LEVEL = 0;
				GCC_PREPROCESSOR_DEFINITIONS = (
					"DEBUG=1",
					"$(inherited)",
				);
				GCC_WARN_64_TO_32_BIT_CONVERSION = YES;
				GCC_WARN_ABOUT_RETURN_TYPE = YES_ERROR;
				GCC_WARN_UNDECLARED_SELECTOR = YES;
				GCC_WARN_UNINITIALIZED_AUTOS = YES_AGGRESSIVE;
				GCC_WARN_UNUSED_FUNCTION = YES;
				GCC_WARN_UNUSED_VARIABLE = YES;
				IPHONEOS_DEPLOYMENT_TARGET = 9.0;
				MTL_ENABLE_DEBUG_INFO = YES;
				ONLY_ACTIVE_ARCH = YES;
				SDKROOT = iphoneos;
			};
			name = Debug;
		};
		11AD61841BF4BC73006BF35F /* Release */ = {
			isa = XCBuildConfiguration;
			buildSettings = {
				ALWAYS_SEARCH_USER_PATHS = NO;
				CLANG_CXX_LANGUAGE_STANDARD = "gnu++0x";
				CLANG_CXX_LIBRARY = "libc++";
				CLANG_ENABLE_MODULES = YES;
				CLANG_ENABLE_OBJC_ARC = YES;
				CLANG_WARN_BOOL_CONVERSION = YES;
				CLANG_WARN_CONSTANT_CONVERSION = YES;
				CLANG_WARN_DIRECT_OBJC_ISA_USAGE = YES_ERROR;
				CLANG_WARN_EMPTY_BODY = YES;
				CLANG_WARN_ENUM_CONVERSION = YES;
				CLANG_WARN_INT_CONVERSION = YES;
				CLANG_WARN_OBJC_ROOT_CLASS = YES_ERROR;
				CLANG_WARN_UNREACHABLE_CODE = YES;
				CLANG_WARN__DUPLICATE_METHOD_MATCH = YES;
				"CODE_SIGN_IDENTITY[sdk=iphoneos*]" = "iPhone Developer";
				COPY_PHASE_STRIP = NO;
				DEBUG_INFORMATION_FORMAT = "dwarf-with-dsym";
				ENABLE_NS_ASSERTIONS = NO;
				ENABLE_STRICT_OBJC_MSGSEND = YES;
				GCC_C_LANGUAGE_STANDARD = gnu99;
				GCC_NO_COMMON_BLOCKS = YES;
				GCC_WARN_64_TO_32_BIT_CONVERSION = YES;
				GCC_WARN_ABOUT_RETURN_TYPE = YES_ERROR;
				GCC_WARN_UNDECLARED_SELECTOR = YES;
				GCC_WARN_UNINITIALIZED_AUTOS = YES_AGGRESSIVE;
				GCC_WARN_UNUSED_FUNCTION = YES;
				GCC_WARN_UNUSED_VARIABLE = YES;
				IPHONEOS_DEPLOYMENT_TARGET = 9.0;
				MTL_ENABLE_DEBUG_INFO = NO;
				SDKROOT = iphoneos;
				VALIDATE_PRODUCT = YES;
			};
			name = Release;
		};
		11AD61861BF4BC73006BF35F /* Debug */ = {
			isa = XCBuildConfiguration;
			buildSettings = {
				ASSETCATALOG_COMPILER_APPICON_NAME = AppIcon;
				CLANG_ENABLE_MODULES = YES;
				CODE_SIGN_IDENTITY = "iPhone Developer";
				FRAMEWORK_SEARCH_PATHS = (
					"$(inherited)",
					"$(PROJECT_DIR)",
				);
				INFOPLIST_FILE = Durak/Info.plist;
				IPHONEOS_DEPLOYMENT_TARGET = 8.0;
				LD_RUNPATH_SEARCH_PATHS = "$(inherited) @executable_path/Frameworks";
				PRODUCT_BUNDLE_IDENTIFIER = com.game.durak;
				PRODUCT_NAME = "$(TARGET_NAME)";
				SWIFT_OBJC_BRIDGING_HEADER = "Durak/Model/Durak-Bridging-Header.h";
				SWIFT_OPTIMIZATION_LEVEL = "-Onone";
			};
			name = Debug;
		};
		11AD61871BF4BC73006BF35F /* Release */ = {
			isa = XCBuildConfiguration;
			buildSettings = {
				ASSETCATALOG_COMPILER_APPICON_NAME = AppIcon;
				CLANG_ENABLE_MODULES = YES;
				CODE_SIGN_IDENTITY = "iPhone Developer";
				FRAMEWORK_SEARCH_PATHS = (
					"$(inherited)",
					"$(PROJECT_DIR)",
				);
				INFOPLIST_FILE = Durak/Info.plist;
				IPHONEOS_DEPLOYMENT_TARGET = 8.0;
				LD_RUNPATH_SEARCH_PATHS = "$(inherited) @executable_path/Frameworks";
				PRODUCT_BUNDLE_IDENTIFIER = com.game.durak;
				PRODUCT_NAME = "$(TARGET_NAME)";
				SWIFT_OBJC_BRIDGING_HEADER = "Durak/Model/Durak-Bridging-Header.h";
			};
			name = Release;
		};
		11AD61891BF4BC73006BF35F /* Debug */ = {
			isa = XCBuildConfiguration;
			buildSettings = {
				INFOPLIST_FILE = DurakUITests/Info.plist;
				LD_RUNPATH_SEARCH_PATHS = "$(inherited) @executable_path/Frameworks @loader_path/Frameworks";
				PRODUCT_BUNDLE_IDENTIFIER = "Alex-Kartsev.DurakUITests";
				PRODUCT_NAME = "$(TARGET_NAME)";
				TEST_TARGET_NAME = Durak;
				USES_XCTRUNNER = YES;
			};
			name = Debug;
		};
		11AD618A1BF4BC73006BF35F /* Release */ = {
			isa = XCBuildConfiguration;
			buildSettings = {
				INFOPLIST_FILE = DurakUITests/Info.plist;
				LD_RUNPATH_SEARCH_PATHS = "$(inherited) @executable_path/Frameworks @loader_path/Frameworks";
				PRODUCT_BUNDLE_IDENTIFIER = "Alex-Kartsev.DurakUITests";
				PRODUCT_NAME = "$(TARGET_NAME)";
				TEST_TARGET_NAME = Durak;
				USES_XCTRUNNER = YES;
			};
			name = Release;
		};
/* End XCBuildConfiguration section */

/* Begin XCConfigurationList section */
		11AD615E1BF4BC73006BF35F /* Build configuration list for PBXProject "Durak" */ = {
			isa = XCConfigurationList;
			buildConfigurations = (
				11AD61831BF4BC73006BF35F /* Debug */,
				11AD61841BF4BC73006BF35F /* Release */,
			);
			defaultConfigurationIsVisible = 0;
			defaultConfigurationName = Release;
		};
		11AD61851BF4BC73006BF35F /* Build configuration list for PBXNativeTarget "Durak" */ = {
			isa = XCConfigurationList;
			buildConfigurations = (
				11AD61861BF4BC73006BF35F /* Debug */,
				11AD61871BF4BC73006BF35F /* Release */,
			);
			defaultConfigurationIsVisible = 0;
			defaultConfigurationName = Release;
		};
		11AD61881BF4BC73006BF35F /* Build configuration list for PBXNativeTarget "DurakUITests" */ = {
			isa = XCConfigurationList;
			buildConfigurations = (
				11AD61891BF4BC73006BF35F /* Debug */,
				11AD618A1BF4BC73006BF35F /* Release */,
			);
			defaultConfigurationIsVisible = 0;
			defaultConfigurationName = Release;
		};
/* End XCConfigurationList section */
	};
	rootObject = 11AD615B1BF4BC73006BF35F /* Project object */;
}
